// !$*UTF8*$!
{
	archiveVersion = 1;
	classes = {
	};
	objectVersion = 55;
	objects = {

/* Begin PBXBuildFile section */
		CA50203327DF080A0085A13B /* AppDelegate.swift in Sources */ = {isa = PBXBuildFile; fileRef = CA50203227DF080A0085A13B /* AppDelegate.swift */; };
		CA50203527DF080A0085A13B /* SceneDelegate.swift in Sources */ = {isa = PBXBuildFile; fileRef = CA50203427DF080A0085A13B /* SceneDelegate.swift */; };
		CA50203727DF080A0085A13B /* LEDBoardViewController.swift in Sources */ = {isa = PBXBuildFile; fileRef = CA50203627DF080A0085A13B /* LEDBoardViewController.swift */; };
		CA50204827DF0A9A0085A13B /* Then in Frameworks */ = {isa = PBXBuildFile; productRef = CA50204727DF0A9A0085A13B /* Then */; };
		CA50204B27DF0AAC0085A13B /* SnapKit in Frameworks */ = {isa = PBXBuildFile; productRef = CA50204A27DF0AAC0085A13B /* SnapKit */; };
		CA50206E27E0570F0085A13B /* LEDBoardView.swift in Sources */ = {isa = PBXBuildFile; fileRef = CA50206D27E0570F0085A13B /* LEDBoardView.swift */; };
		CA50207027E057600085A13B /* LEDBoardViewModel.swift in Sources */ = {isa = PBXBuildFile; fileRef = CA50206F27E057600085A13B /* LEDBoardViewModel.swift */; };
		CA50207127E06C520085A13B /* Assets.xcassets in Resources */ = {isa = PBXBuildFile; fileRef = CA50203B27DF080B0085A13B /* Assets.xcassets */; };
		CA50207227E06C520085A13B /* LaunchScreen.storyboard in Resources */ = {isa = PBXBuildFile; fileRef = CA50203D27DF080B0085A13B /* LaunchScreen.storyboard */; };
		CA927A3C27E08D3900F90049 /* LEDBoardTextField.swift in Sources */ = {isa = PBXBuildFile; fileRef = CA927A3B27E08D3900F90049 /* LEDBoardTextField.swift */; };
/* End PBXBuildFile section */

/* Begin PBXFileReference section */
		CA50202F27DF080A0085A13B /* LEDBoard.app */ = {isa = PBXFileReference; explicitFileType = wrapper.application; includeInIndex = 0; path = LEDBoard.app; sourceTree = BUILT_PRODUCTS_DIR; };
		CA50203227DF080A0085A13B /* AppDelegate.swift */ = {isa = PBXFileReference; lastKnownFileType = sourcecode.swift; path = AppDelegate.swift; sourceTree = "<group>"; };
		CA50203427DF080A0085A13B /* SceneDelegate.swift */ = {isa = PBXFileReference; lastKnownFileType = sourcecode.swift; path = SceneDelegate.swift; sourceTree = "<group>"; };
		CA50203627DF080A0085A13B /* LEDBoardViewController.swift */ = {isa = PBXFileReference; lastKnownFileType = sourcecode.swift; path = LEDBoardViewController.swift; sourceTree = "<group>"; };
		CA50203B27DF080B0085A13B /* Assets.xcassets */ = {isa = PBXFileReference; lastKnownFileType = folder.assetcatalog; path = Assets.xcassets; sourceTree = "<group>"; };
		CA50203E27DF080B0085A13B /* Base */ = {isa = PBXFileReference; lastKnownFileType = file.storyboard; name = Base; path = Base.lproj/LaunchScreen.storyboard; sourceTree = "<group>"; };
		CA50204027DF080B0085A13B /* Info.plist */ = {isa = PBXFileReference; lastKnownFileType = text.plist.xml; path = Info.plist; sourceTree = "<group>"; };
		CA50206D27E0570F0085A13B /* LEDBoardView.swift */ = {isa = PBXFileReference; lastKnownFileType = sourcecode.swift; path = LEDBoardView.swift; sourceTree = "<group>"; };
		CA50206F27E057600085A13B /* LEDBoardViewModel.swift */ = {isa = PBXFileReference; lastKnownFileType = sourcecode.swift; path = LEDBoardViewModel.swift; sourceTree = "<group>"; };
		CA927A3B27E08D3900F90049 /* LEDBoardTextField.swift */ = {isa = PBXFileReference; lastKnownFileType = sourcecode.swift; path = LEDBoardTextField.swift; sourceTree = "<group>"; };
/* End PBXFileReference section */

/* Begin PBXFrameworksBuildPhase section */
		CA50202C27DF080A0085A13B /* Frameworks */ = {
			isa = PBXFrameworksBuildPhase;
			buildActionMask = 2147483647;
			files = (
				CA50204827DF0A9A0085A13B /* Then in Frameworks */,
				CA50204B27DF0AAC0085A13B /* SnapKit in Frameworks */,
			);
			runOnlyForDeploymentPostprocessing = 0;
		};
/* End PBXFrameworksBuildPhase section */

/* Begin PBXGroup section */
		CA50202627DF08090085A13B = {
			isa = PBXGroup;
			children = (
				CA50203127DF080A0085A13B /* LEDBoard */,
				CA50203027DF080A0085A13B /* Products */,
			);
			sourceTree = "<group>";
		};
		CA50203027DF080A0085A13B /* Products */ = {
			isa = PBXGroup;
			children = (
				CA50202F27DF080A0085A13B /* LEDBoard.app */,
			);
			name = Products;
			sourceTree = "<group>";
		};
		CA50203127DF080A0085A13B /* LEDBoard */ = {
			isa = PBXGroup;
			children = (
				CA927A3A27E08D1400F90049 /* Custom */,
				CA50204027DF080B0085A13B /* Info.plist */,
				CA50203227DF080A0085A13B /* AppDelegate.swift */,
				CA50203427DF080A0085A13B /* SceneDelegate.swift */,
				CA50203B27DF080B0085A13B /* Assets.xcassets */,
				CA50203D27DF080B0085A13B /* LaunchScreen.storyboard */,
				CA50206B27E056FB0085A13B /* Model */,
				CA50206A27E056F30085A13B /* View */,
				CA50206C27E057010085A13B /* ViewModel */,
			);
			path = LEDBoard;
			sourceTree = "<group>";
		};
		CA50206A27E056F30085A13B /* View */ = {
			isa = PBXGroup;
			children = (
				CA50203627DF080A0085A13B /* LEDBoardViewController.swift */,
				CA50206D27E0570F0085A13B /* LEDBoardView.swift */,
			);
			path = View;
			sourceTree = "<group>";
		};
		CA50206B27E056FB0085A13B /* Model */ = {
			isa = PBXGroup;
			children = (
			);
			path = Model;
			sourceTree = "<group>";
		};
		CA50206C27E057010085A13B /* ViewModel */ = {
			isa = PBXGroup;
			children = (
				CA50206F27E057600085A13B /* LEDBoardViewModel.swift */,
			);
			path = ViewModel;
			sourceTree = "<group>";
		};
		CA927A3A27E08D1400F90049 /* Custom */ = {
			isa = PBXGroup;
			children = (
				CA927A3B27E08D3900F90049 /* LEDBoardTextField.swift */,
			);
			path = Custom;
			sourceTree = "<group>";
		};
/* End PBXGroup section */

/* Begin PBXNativeTarget section */
		CA50202E27DF080A0085A13B /* LEDBoard */ = {
			isa = PBXNativeTarget;
			buildConfigurationList = CA50204327DF080B0085A13B /* Build configuration list for PBXNativeTarget "LEDBoard" */;
			buildPhases = (
				CA50202B27DF080A0085A13B /* Sources */,
				CA50202C27DF080A0085A13B /* Frameworks */,
				CA50202D27DF080A0085A13B /* Resources */,
			);
			buildRules = (
			);
			dependencies = (
			);
			name = LEDBoard;
			packageProductDependencies = (
				CA50204727DF0A9A0085A13B /* Then */,
				CA50204A27DF0AAC0085A13B /* SnapKit */,
			);
			productName = LEDBoard;
			productReference = CA50202F27DF080A0085A13B /* LEDBoard.app */;
			productType = "com.apple.product-type.application";
		};
/* End PBXNativeTarget section */

/* Begin PBXProject section */
		CA50202727DF080A0085A13B /* Project object */ = {
			isa = PBXProject;
			attributes = {
				BuildIndependentTargetsInParallel = 1;
				LastSwiftUpdateCheck = 1320;
				LastUpgradeCheck = 1320;
				TargetAttributes = {
					CA50202E27DF080A0085A13B = {
						CreatedOnToolsVersion = 13.2.1;
					};
				};
			};
			buildConfigurationList = CA50202A27DF080A0085A13B /* Build configuration list for PBXProject "LEDBoard" */;
			compatibilityVersion = "Xcode 13.0";
			developmentRegion = en;
			hasScannedForEncodings = 0;
			knownRegions = (
				en,
				Base,
			);
			mainGroup = CA50202627DF08090085A13B;
			packageReferences = (
				CA50204627DF0A9A0085A13B /* XCRemoteSwiftPackageReference "Then" */,
				CA50204927DF0AAC0085A13B /* XCRemoteSwiftPackageReference "SnapKit" */,
			);
			productRefGroup = CA50203027DF080A0085A13B /* Products */;
			projectDirPath = "";
			projectRoot = "";
			targets = (
				CA50202E27DF080A0085A13B /* LEDBoard */,
			);
		};
/* End PBXProject section */

/* Begin PBXResourcesBuildPhase section */
		CA50202D27DF080A0085A13B /* Resources */ = {
			isa = PBXResourcesBuildPhase;
			buildActionMask = 2147483647;
			files = (
				CA50207127E06C520085A13B /* Assets.xcassets in Resources */,
				CA50207227E06C520085A13B /* LaunchScreen.storyboard in Resources */,
			);
			runOnlyForDeploymentPostprocessing = 0;
		};
/* End PBXResourcesBuildPhase section */

/* Begin PBXSourcesBuildPhase section */
		CA50202B27DF080A0085A13B /* Sources */ = {
			isa = PBXSourcesBuildPhase;
			buildActionMask = 2147483647;
			files = (
				CA50206E27E0570F0085A13B /* LEDBoardView.swift in Sources */,
				CA50203727DF080A0085A13B /* LEDBoardViewController.swift in Sources */,
				CA50203327DF080A0085A13B /* AppDelegate.swift in Sources */,
				CA50207027E057600085A13B /* LEDBoardViewModel.swift in Sources */,
				CA927A3C27E08D3900F90049 /* LEDBoardTextField.swift in Sources */,
				CA50203527DF080A0085A13B /* SceneDelegate.swift in Sources */,
			);
			runOnlyForDeploymentPostprocessing = 0;
		};
/* End PBXSourcesBuildPhase section */

/* Begin PBXVariantGroup section */
		CA50203D27DF080B0085A13B /* LaunchScreen.storyboard */ = {
			isa = PBXVariantGroup;
			children = (
				CA50203E27DF080B0085A13B /* Base */,
			);
			name = LaunchScreen.storyboard;
			sourceTree = "<group>";
		};
/* End PBXVariantGroup section */

/* Begin XCBuildConfiguration section */
		CA50204127DF080B0085A13B /* Debug */ = {
			isa = XCBuildConfiguration;
			buildSettings = {
				ALWAYS_SEARCH_USER_PATHS = NO;
				CLANG_ANALYZER_NONNULL = YES;
				CLANG_ANALYZER_NUMBER_OBJECT_CONVERSION = YES_AGGRESSIVE;
				CLANG_CXX_LANGUAGE_STANDARD = "gnu++17";
				CLANG_CXX_LIBRARY = "libc++";
				CLANG_ENABLE_MODULES = YES;
				CLANG_ENABLE_OBJC_ARC = YES;
				CLANG_ENABLE_OBJC_WEAK = YES;
				CLANG_WARN_BLOCK_CAPTURE_AUTORELEASING = YES;
				CLANG_WARN_BOOL_CONVERSION = YES;
				CLANG_WARN_COMMA = YES;
				CLANG_WARN_CONSTANT_CONVERSION = YES;
				CLANG_WARN_DEPRECATED_OBJC_IMPLEMENTATIONS = YES;
				CLANG_WARN_DIRECT_OBJC_ISA_USAGE = YES_ERROR;
				CLANG_WARN_DOCUMENTATION_COMMENTS = YES;
				CLANG_WARN_EMPTY_BODY = YES;
				CLANG_WARN_ENUM_CONVERSION = YES;
				CLANG_WARN_INFINITE_RECURSION = YES;
				CLANG_WARN_INT_CONVERSION = YES;
				CLANG_WARN_NON_LITERAL_NULL_CONVERSION = YES;
				CLANG_WARN_OBJC_IMPLICIT_RETAIN_SELF = YES;
				CLANG_WARN_OBJC_LITERAL_CONVERSION = YES;
				CLANG_WARN_OBJC_ROOT_CLASS = YES_ERROR;
				CLANG_WARN_QUOTED_INCLUDE_IN_FRAMEWORK_HEADER = YES;
				CLANG_WARN_RANGE_LOOP_ANALYSIS = YES;
				CLANG_WARN_STRICT_PROTOTYPES = YES;
				CLANG_WARN_SUSPICIOUS_MOVE = YES;
				CLANG_WARN_UNGUARDED_AVAILABILITY = YES_AGGRESSIVE;
				CLANG_WARN_UNREACHABLE_CODE = YES;
				CLANG_WARN__DUPLICATE_METHOD_MATCH = YES;
				COPY_PHASE_STRIP = NO;
				DEBUG_INFORMATION_FORMAT = dwarf;
				ENABLE_STRICT_OBJC_MSGSEND = YES;
				ENABLE_TESTABILITY = YES;
				GCC_C_LANGUAGE_STANDARD = gnu11;
				GCC_DYNAMIC_NO_PIC = NO;
				GCC_NO_COMMON_BLOCKS = YES;
				GCC_OPTIMIZATION_LEVEL = 0;
				GCC_PREPROCESSOR_DEFINITIONS = (
					"DEBUG=1",
					"$(inherited)",
				);
				GCC_WARN_64_TO_32_BIT_CONVERSION = YES;
				GCC_WARN_ABOUT_RETURN_TYPE = YES_ERROR;
				GCC_WARN_UNDECLARED_SELECTOR = YES;
				GCC_WARN_UNINITIALIZED_AUTOS = YES_AGGRESSIVE;
				GCC_WARN_UNUSED_FUNCTION = YES;
				GCC_WARN_UNUSED_VARIABLE = YES;
				IPHONEOS_DEPLOYMENT_TARGET = 13.0;
				MTL_ENABLE_DEBUG_INFO = INCLUDE_SOURCE;
				MTL_FAST_MATH = YES;
				ONLY_ACTIVE_ARCH = YES;
				SDKROOT = iphoneos;
				SWIFT_ACTIVE_COMPILATION_CONDITIONS = DEBUG;
				SWIFT_OPTIMIZATION_LEVEL = "-Onone";
			};
			name = Debug;
		};
		CA50204227DF080B0085A13B /* Release */ = {
			isa = XCBuildConfiguration;
			buildSettings = {
				ALWAYS_SEARCH_USER_PATHS = NO;
				CLANG_ANALYZER_NONNULL = YES;
				CLANG_ANALYZER_NUMBER_OBJECT_CONVERSION = YES_AGGRESSIVE;
				CLANG_CXX_LANGUAGE_STANDARD = "gnu++17";
				CLANG_CXX_LIBRARY = "libc++";
				CLANG_ENABLE_MODULES = YES;
				CLANG_ENABLE_OBJC_ARC = YES;
				CLANG_ENABLE_OBJC_WEAK = YES;
				CLANG_WARN_BLOCK_CAPTURE_AUTORELEASING = YES;
				CLANG_WARN_BOOL_CONVERSION = YES;
				CLANG_WARN_COMMA = YES;
				CLANG_WARN_CONSTANT_CONVERSION = YES;
				CLANG_WARN_DEPRECATED_OBJC_IMPLEMENTATIONS = YES;
				CLANG_WARN_DIRECT_OBJC_ISA_USAGE = YES_ERROR;
				CLANG_WARN_DOCUMENTATION_COMMENTS = YES;
				CLANG_WARN_EMPTY_BODY = YES;
				CLANG_WARN_ENUM_CONVERSION = YES;
				CLANG_WARN_INFINITE_RECURSION = YES;
				CLANG_WARN_INT_CONVERSION = YES;
				CLANG_WARN_NON_LITERAL_NULL_CONVERSION = YES;
				CLANG_WARN_OBJC_IMPLICIT_RETAIN_SELF = YES;
				CLANG_WARN_OBJC_LITERAL_CONVERSION = YES;
				CLANG_WARN_OBJC_ROOT_CLASS = YES_ERROR;
				CLANG_WARN_QUOTED_INCLUDE_IN_FRAMEWORK_HEADER = YES;
				CLANG_WARN_RANGE_LOOP_ANALYSIS = YES;
				CLANG_WARN_STRICT_PROTOTYPES = YES;
				CLANG_WARN_SUSPICIOUS_MOVE = YES;
				CLANG_WARN_UNGUARDED_AVAILABILITY = YES_AGGRESSIVE;
				CLANG_WARN_UNREACHABLE_CODE = YES;
				CLANG_WARN__DUPLICATE_METHOD_MATCH = YES;
				COPY_PHASE_STRIP = NO;
				DEBUG_INFORMATION_FORMAT = "dwarf-with-dsym";
				ENABLE_NS_ASSERTIONS = NO;
				ENABLE_STRICT_OBJC_MSGSEND = YES;
				GCC_C_LANGUAGE_STANDARD = gnu11;
				GCC_NO_COMMON_BLOCKS = YES;
				GCC_WARN_64_TO_32_BIT_CONVERSION = YES;
				GCC_WARN_ABOUT_RETURN_TYPE = YES_ERROR;
				GCC_WARN_UNDECLARED_SELECTOR = YES;
				GCC_WARN_UNINITIALIZED_AUTOS = YES_AGGRESSIVE;
				GCC_WARN_UNUSED_FUNCTION = YES;
				GCC_WARN_UNUSED_VARIABLE = YES;
				IPHONEOS_DEPLOYMENT_TARGET = 13.0;
				MTL_ENABLE_DEBUG_INFO = NO;
				MTL_FAST_MATH = YES;
				SDKROOT = iphoneos;
				SWIFT_COMPILATION_MODE = wholemodule;
				SWIFT_OPTIMIZATION_LEVEL = "-O";
				VALIDATE_PRODUCT = YES;
			};
			name = Release;
		};
		CA50204427DF080B0085A13B /* Debug */ = {
			isa = XCBuildConfiguration;
			buildSettings = {
				ASSETCATALOG_COMPILER_APPICON_NAME = AppIcon;
				ASSETCATALOG_COMPILER_GLOBAL_ACCENT_COLOR_NAME = AccentColor;
				CODE_SIGN_STYLE = Automatic;
				CURRENT_PROJECT_VERSION = 1;
				DEVELOPMENT_TEAM = UN2K8CY256;
				GENERATE_INFOPLIST_FILE = YES;
				INFOPLIST_FILE = LEDBoard/Info.plist;
				INFOPLIST_KEY_UIApplicationSupportsIndirectInputEvents = YES;
				INFOPLIST_KEY_UILaunchStoryboardName = LaunchScreen;
				INFOPLIST_KEY_UISupportedInterfaceOrientations = "UIInterfaceOrientationPortraitUpsideDown UIInterfaceOrientationLandscapeLeft UIInterfaceOrientationLandscapeRight UIInterfaceOrientationPortrait";
				INFOPLIST_KEY_UISupportedInterfaceOrientations_iPad = "UIInterfaceOrientationPortrait UIInterfaceOrientationPortraitUpsideDown UIInterfaceOrientationLandscapeLeft UIInterfaceOrientationLandscapeRight";
				INFOPLIST_KEY_UISupportedInterfaceOrientations_iPhone = "UIInterfaceOrientationPortrait UIInterfaceOrientationLandscapeLeft UIInterfaceOrientationLandscapeRight";
				IPHONEOS_DEPLOYMENT_TARGET = 13.0;
				LD_RUNPATH_SEARCH_PATHS = (
					"$(inherited)",
					"@executable_path/Frameworks",
				);
				MARKETING_VERSION = 1.0;
				PRODUCT_BUNDLE_IDENTIFIER = com.bene.LEDBoard;
				PRODUCT_NAME = "$(TARGET_NAME)";
				SWIFT_EMIT_LOC_STRINGS = YES;
				SWIFT_VERSION = 5.0;
				TARGETED_DEVICE_FAMILY = "1,2";
			};
			name = Debug;
		};
		CA50204527DF080B0085A13B /* Release */ = {
			isa = XCBuildConfiguration;
			buildSettings = {
				ASSETCATALOG_COMPILER_APPICON_NAME = AppIcon;
				ASSETCATALOG_COMPILER_GLOBAL_ACCENT_COLOR_NAME = AccentColor;
				CODE_SIGN_STYLE = Automatic;
				CURRENT_PROJECT_VERSION = 1;
				DEVELOPMENT_TEAM = UN2K8CY256;
				GENERATE_INFOPLIST_FILE = YES;
				INFOPLIST_FILE = LEDBoard/Info.plist;
				INFOPLIST_KEY_UIApplicationSupportsIndirectInputEvents = YES;
				INFOPLIST_KEY_UILaunchStoryboardName = LaunchScreen;
				INFOPLIST_KEY_UISupportedInterfaceOrientations = "UIInterfaceOrientationPortraitUpsideDown UIInterfaceOrientationLandscapeLeft UIInterfaceOrientationLandscapeRight UIInterfaceOrientationPortrait";
				INFOPLIST_KEY_UISupportedInterfaceOrientations_iPad = "UIInterfaceOrientationPortrait UIInterfaceOrientationPortraitUpsideDown UIInterfaceOrientationLandscapeLeft UIInterfaceOrientationLandscapeRight";
				INFOPLIST_KEY_UISupportedInterfaceOrientations_iPhone = "UIInterfaceOrientationPortrait UIInterfaceOrientationLandscapeLeft UIInterfaceOrientationLandscapeRight";
				IPHONEOS_DEPLOYMENT_TARGET = 13.0;
				LD_RUNPATH_SEARCH_PATHS = (
					"$(inherited)",
					"@executable_path/Frameworks",
				);
				MARKETING_VERSION = 1.0;
				PRODUCT_BUNDLE_IDENTIFIER = com.bene.LEDBoard;
				PRODUCT_NAME = "$(TARGET_NAME)";
				SWIFT_EMIT_LOC_STRINGS = YES;
				SWIFT_VERSION = 5.0;
				TARGETED_DEVICE_FAMILY = "1,2";
			};
			name = Release;
		};
/* End XCBuildConfiguration section */

/* Begin XCConfigurationList section */
		CA50202A27DF080A0085A13B /* Build configuration list for PBXProject "LEDBoard" */ = {
			isa = XCConfigurationList;
			buildConfigurations = (
				CA50204127DF080B0085A13B /* Debug */,
				CA50204227DF080B0085A13B /* Release */,
			);
			defaultConfigurationIsVisible = 0;
			defaultConfigurationName = Release;
		};
		CA50204327DF080B0085A13B /* Build configuration list for PBXNativeTarget "LEDBoard" */ = {
			isa = XCConfigurationList;
			buildConfigurations = (
				CA50204427DF080B0085A13B /* Debug */,
				CA50204527DF080B0085A13B /* Release */,
			);
			defaultConfigurationIsVisible = 0;
			defaultConfigurationName = Release;
		};
/* End XCConfigurationList section */

/* Begin XCRemoteSwiftPackageReference section */
		CA50204627DF0A9A0085A13B /* XCRemoteSwiftPackageReference "Then" */ = {
			isa = XCRemoteSwiftPackageReference;
			repositoryURL = "https://github.com/devxoul/Then";
			requirement = {
				branch = master;
				kind = branch;
			};
		};
		CA50204927DF0AAC0085A13B /* XCRemoteSwiftPackageReference "SnapKit" */ = {
			isa = XCRemoteSwiftPackageReference;
			repositoryURL = "https://github.com/SnapKit/SnapKit";
			requirement = {
				branch = develop;
				kind = branch;
			};
		};
/* End XCRemoteSwiftPackageReference section */

/* Begin XCSwiftPackageProductDependency section */
		CA50204727DF0A9A0085A13B /* Then */ = {
			isa = XCSwiftPackageProductDependency;
			package = CA50204627DF0A9A0085A13B /* XCRemoteSwiftPackageReference "Then" */;
			productName = Then;
		};
		CA50204A27DF0AAC0085A13B /* SnapKit */ = {
			isa = XCSwiftPackageProductDependency;
			package = CA50204927DF0AAC0085A13B /* XCRemoteSwiftPackageReference "SnapKit" */;
			productName = SnapKit;
		};
/* End XCSwiftPackageProductDependency section */
	};
	rootObject = CA50202727DF080A0085A13B /* Project object */;
}
