// !$*UTF8*$!
{
	archiveVersion = 1;
	classes = {
	};
	objectVersion = 55;
	objects = {

/* Begin PBXBuildFile section */
		CA29C8AE27EDE60200EE6246 /* AppDelegate.swift in Sources */ = {isa = PBXBuildFile; fileRef = CA29C8AD27EDE60200EE6246 /* AppDelegate.swift */; };
		CA29C8B027EDE60200EE6246 /* SceneDelegate.swift in Sources */ = {isa = PBXBuildFile; fileRef = CA29C8AF27EDE60200EE6246 /* SceneDelegate.swift */; };
		CA29C8B727EDE60300EE6246 /* Assets.xcassets in Resources */ = {isa = PBXBuildFile; fileRef = CA29C8B627EDE60300EE6246 /* Assets.xcassets */; };
		CA29C8BA27EDE60300EE6246 /* LaunchScreen.storyboard in Resources */ = {isa = PBXBuildFile; fileRef = CA29C8B827EDE60300EE6246 /* LaunchScreen.storyboard */; };
		CA29C8C327EDE63500EE6246 /* Then in Frameworks */ = {isa = PBXBuildFile; productRef = CA29C8C227EDE63500EE6246 /* Then */; };
		CA29C8C627EDE63F00EE6246 /* SnapKit in Frameworks */ = {isa = PBXBuildFile; productRef = CA29C8C527EDE63F00EE6246 /* SnapKit */; };
		CA29C8CA27EDE85400EE6246 /* ViewPresentable.swift in Sources */ = {isa = PBXBuildFile; fileRef = CA29C8C927EDE85400EE6246 /* ViewPresentable.swift */; };
		CA29C8CC27EDE86800EE6246 /* DiaryView.swift in Sources */ = {isa = PBXBuildFile; fileRef = CA29C8CB27EDE86800EE6246 /* DiaryView.swift */; };
		CA29C8CE27EDE88100EE6246 /* DiaryViewController.swift in Sources */ = {isa = PBXBuildFile; fileRef = CA29C8CD27EDE88100EE6246 /* DiaryViewController.swift */; };
		CA29C8DC27EED10700EE6246 /* EmotionCollectionViewCell.swift in Sources */ = {isa = PBXBuildFile; fileRef = CA29C8DB27EED10700EE6246 /* EmotionCollectionViewCell.swift */; };
		CA29C8DE27EED4D400EE6246 /* ReusableView.swift in Sources */ = {isa = PBXBuildFile; fileRef = CA29C8DD27EED4D400EE6246 /* ReusableView.swift */; };
		CA29C8E027EED50C00EE6246 /* UICollectionViewCellRepresentable.swift in Sources */ = {isa = PBXBuildFile; fileRef = CA29C8DF27EED50C00EE6246 /* UICollectionViewCellRepresentable.swift */; };
		CA29C8E327EED6F700EE6246 /* UICollectionView+Extension.swift in Sources */ = {isa = PBXBuildFile; fileRef = CA29C8E227EED6F700EE6246 /* UICollectionView+Extension.swift */; };
		CA29C8E527EEF32400EE6246 /* UserDefaults+Extension.swift in Sources */ = {isa = PBXBuildFile; fileRef = CA29C8E427EEF32400EE6246 /* UserDefaults+Extension.swift */; };
		CA29C8F127EEF65000EE6246 /* Assets+Generated.swift in Sources */ = {isa = PBXBuildFile; fileRef = CA29C8EF27EEF65000EE6246 /* Assets+Generated.swift */; };
		CA29C8F627EF08ED00EE6246 /* EmotionalDiaryViewModel.swift in Sources */ = {isa = PBXBuildFile; fileRef = CA29C8F527EF08ED00EE6246 /* EmotionalDiaryViewModel.swift */; };
		CA29C8F927EF093800EE6246 /* Observable.swift in Sources */ = {isa = PBXBuildFile; fileRef = CA29C8F827EF093800EE6246 /* Observable.swift */; };
/* End PBXBuildFile section */

/* Begin PBXFileReference section */
		CA29C8AA27EDE60200EE6246 /* EmotinalDiary.app */ = {isa = PBXFileReference; explicitFileType = wrapper.application; includeInIndex = 0; path = EmotinalDiary.app; sourceTree = BUILT_PRODUCTS_DIR; };
		CA29C8AD27EDE60200EE6246 /* AppDelegate.swift */ = {isa = PBXFileReference; lastKnownFileType = sourcecode.swift; path = AppDelegate.swift; sourceTree = "<group>"; };
		CA29C8AF27EDE60200EE6246 /* SceneDelegate.swift */ = {isa = PBXFileReference; lastKnownFileType = sourcecode.swift; path = SceneDelegate.swift; sourceTree = "<group>"; };
		CA29C8B627EDE60300EE6246 /* Assets.xcassets */ = {isa = PBXFileReference; lastKnownFileType = folder.assetcatalog; path = Assets.xcassets; sourceTree = "<group>"; };
		CA29C8B927EDE60300EE6246 /* Base */ = {isa = PBXFileReference; lastKnownFileType = file.storyboard; name = Base; path = Base.lproj/LaunchScreen.storyboard; sourceTree = "<group>"; };
		CA29C8BB27EDE60300EE6246 /* Info.plist */ = {isa = PBXFileReference; lastKnownFileType = text.plist.xml; path = Info.plist; sourceTree = "<group>"; };
		CA29C8C927EDE85400EE6246 /* ViewPresentable.swift */ = {isa = PBXFileReference; lastKnownFileType = sourcecode.swift; path = ViewPresentable.swift; sourceTree = "<group>"; };
		CA29C8CB27EDE86800EE6246 /* DiaryView.swift */ = {isa = PBXFileReference; lastKnownFileType = sourcecode.swift; path = DiaryView.swift; sourceTree = "<group>"; };
		CA29C8CD27EDE88100EE6246 /* DiaryViewController.swift */ = {isa = PBXFileReference; lastKnownFileType = sourcecode.swift; path = DiaryViewController.swift; sourceTree = "<group>"; };
		CA29C8DB27EED10700EE6246 /* EmotionCollectionViewCell.swift */ = {isa = PBXFileReference; lastKnownFileType = sourcecode.swift; path = EmotionCollectionViewCell.swift; sourceTree = "<group>"; };
		CA29C8DD27EED4D400EE6246 /* ReusableView.swift */ = {isa = PBXFileReference; lastKnownFileType = sourcecode.swift; path = ReusableView.swift; sourceTree = "<group>"; };
		CA29C8DF27EED50C00EE6246 /* UICollectionViewCellRepresentable.swift */ = {isa = PBXFileReference; lastKnownFileType = sourcecode.swift; path = UICollectionViewCellRepresentable.swift; sourceTree = "<group>"; };
		CA29C8E227EED6F700EE6246 /* UICollectionView+Extension.swift */ = {isa = PBXFileReference; lastKnownFileType = sourcecode.swift; path = "UICollectionView+Extension.swift"; sourceTree = "<group>"; };
		CA29C8E427EEF32400EE6246 /* UserDefaults+Extension.swift */ = {isa = PBXFileReference; lastKnownFileType = sourcecode.swift; path = "UserDefaults+Extension.swift"; sourceTree = "<group>"; };
		CA29C8EF27EEF65000EE6246 /* Assets+Generated.swift */ = {isa = PBXFileReference; fileEncoding = 4; lastKnownFileType = sourcecode.swift; path = "Assets+Generated.swift"; sourceTree = "<group>"; };
		CA29C8F527EF08ED00EE6246 /* EmotionalDiaryViewModel.swift */ = {isa = PBXFileReference; lastKnownFileType = sourcecode.swift; path = EmotionalDiaryViewModel.swift; sourceTree = "<group>"; };
		CA29C8F827EF093800EE6246 /* Observable.swift */ = {isa = PBXFileReference; lastKnownFileType = sourcecode.swift; path = Observable.swift; sourceTree = "<group>"; };
/* End PBXFileReference section */

/* Begin PBXFrameworksBuildPhase section */
		CA29C8A727EDE60200EE6246 /* Frameworks */ = {
			isa = PBXFrameworksBuildPhase;
			buildActionMask = 2147483647;
			files = (
				CA29C8C327EDE63500EE6246 /* Then in Frameworks */,
				CA29C8C627EDE63F00EE6246 /* SnapKit in Frameworks */,
			);
			runOnlyForDeploymentPostprocessing = 0;
		};
/* End PBXFrameworksBuildPhase section */

/* Begin PBXGroup section */
		CA29C8A127EDE60200EE6246 = {
			isa = PBXGroup;
			children = (
				CA29C8AC27EDE60200EE6246 /* EmotinalDiary */,
				CA29C8AB27EDE60200EE6246 /* Products */,
			);
			sourceTree = "<group>";
		};
		CA29C8AB27EDE60200EE6246 /* Products */ = {
			isa = PBXGroup;
			children = (
				CA29C8AA27EDE60200EE6246 /* EmotinalDiary.app */,
			);
			name = Products;
			sourceTree = "<group>";
		};
		CA29C8AC27EDE60200EE6246 /* EmotinalDiary */ = {
			isa = PBXGroup;
			children = (
				CA29C8BB27EDE60300EE6246 /* Info.plist */,
				CA29C8AD27EDE60200EE6246 /* AppDelegate.swift */,
				CA29C8EF27EEF65000EE6246 /* Assets+Generated.swift */,
				CA29C8AF27EDE60200EE6246 /* SceneDelegate.swift */,
				CA29C8B627EDE60300EE6246 /* Assets.xcassets */,
				CA29C8DA27EED0E100EE6246 /* Cell */,
				CA29C8E127EED6EB00EE6246 /* Extension */,
				CA29C8B827EDE60300EE6246 /* LaunchScreen.storyboard */,
				CA29C8F727EF090B00EE6246 /* Model */,
				CA29C8C727EDE83E00EE6246 /* Protocol */,
				CA29C8C827EDE84400EE6246 /* View */,
				CA29C8F427EF08D500EE6246 /* ViewModel */,
			);
			path = EmotinalDiary;
			sourceTree = "<group>";
		};
		CA29C8C727EDE83E00EE6246 /* Protocol */ = {
			isa = PBXGroup;
			children = (
				CA29C8C927EDE85400EE6246 /* ViewPresentable.swift */,
				CA29C8DD27EED4D400EE6246 /* ReusableView.swift */,
				CA29C8DF27EED50C00EE6246 /* UICollectionViewCellRepresentable.swift */,
			);
			path = Protocol;
			sourceTree = "<group>";
		};
		CA29C8C827EDE84400EE6246 /* View */ = {
			isa = PBXGroup;
			children = (
				CA29C8CB27EDE86800EE6246 /* DiaryView.swift */,
				CA29C8CD27EDE88100EE6246 /* DiaryViewController.swift */,
			);
			path = View;
			sourceTree = "<group>";
		};
		CA29C8DA27EED0E100EE6246 /* Cell */ = {
			isa = PBXGroup;
			children = (
				CA29C8DB27EED10700EE6246 /* EmotionCollectionViewCell.swift */,
			);
			path = Cell;
			sourceTree = "<group>";
		};
		CA29C8E127EED6EB00EE6246 /* Extension */ = {
			isa = PBXGroup;
			children = (
				CA29C8E227EED6F700EE6246 /* UICollectionView+Extension.swift */,
				CA29C8E427EEF32400EE6246 /* UserDefaults+Extension.swift */,
			);
			path = Extension;
			sourceTree = "<group>";
		};
		CA29C8F427EF08D500EE6246 /* ViewModel */ = {
			isa = PBXGroup;
			children = (
				CA29C8F527EF08ED00EE6246 /* EmotionalDiaryViewModel.swift */,
			);
			path = ViewModel;
			sourceTree = "<group>";
		};
		CA29C8F727EF090B00EE6246 /* Model */ = {
			isa = PBXGroup;
			children = (
				CA29C8F827EF093800EE6246 /* Observable.swift */,
			);
			path = Model;
			sourceTree = "<group>";
		};
/* End PBXGroup section */

/* Begin PBXNativeTarget section */
		CA29C8A927EDE60200EE6246 /* EmotinalDiary */ = {
			isa = PBXNativeTarget;
			buildConfigurationList = CA29C8BE27EDE60300EE6246 /* Build configuration list for PBXNativeTarget "EmotinalDiary" */;
			buildPhases = (
				CA29C8A627EDE60200EE6246 /* Sources */,
				CA29C8A727EDE60200EE6246 /* Frameworks */,
				CA29C8A827EDE60200EE6246 /* Resources */,
				CA29C8D327EE011200EE6246 /* SwiftGen Run Script */,
			);
			buildRules = (
			);
			dependencies = (
			);
			name = EmotinalDiary;
			packageProductDependencies = (
				CA29C8C227EDE63500EE6246 /* Then */,
				CA29C8C527EDE63F00EE6246 /* SnapKit */,
			);
			productName = EmotinalDiary;
			productReference = CA29C8AA27EDE60200EE6246 /* EmotinalDiary.app */;
			productType = "com.apple.product-type.application";
		};
/* End PBXNativeTarget section */

/* Begin PBXProject section */
		CA29C8A227EDE60200EE6246 /* Project object */ = {
			isa = PBXProject;
			attributes = {
				BuildIndependentTargetsInParallel = 1;
				LastSwiftUpdateCheck = 1330;
				LastUpgradeCheck = 1330;
				TargetAttributes = {
					CA29C8A927EDE60200EE6246 = {
						CreatedOnToolsVersion = 13.3;
					};
				};
			};
			buildConfigurationList = CA29C8A527EDE60200EE6246 /* Build configuration list for PBXProject "EmotinalDiary" */;
			compatibilityVersion = "Xcode 13.0";
			developmentRegion = en;
			hasScannedForEncodings = 0;
			knownRegions = (
				en,
				Base,
			);
			mainGroup = CA29C8A127EDE60200EE6246;
			packageReferences = (
				CA29C8C127EDE63500EE6246 /* XCRemoteSwiftPackageReference "Then" */,
				CA29C8C427EDE63F00EE6246 /* XCRemoteSwiftPackageReference "SnapKit" */,
			);
			productRefGroup = CA29C8AB27EDE60200EE6246 /* Products */;
			projectDirPath = "";
			projectRoot = "";
			targets = (
				CA29C8A927EDE60200EE6246 /* EmotinalDiary */,
			);
		};
/* End PBXProject section */

/* Begin PBXResourcesBuildPhase section */
		CA29C8A827EDE60200EE6246 /* Resources */ = {
			isa = PBXResourcesBuildPhase;
			buildActionMask = 2147483647;
			files = (
				CA29C8BA27EDE60300EE6246 /* LaunchScreen.storyboard in Resources */,
				CA29C8B727EDE60300EE6246 /* Assets.xcassets in Resources */,
			);
			runOnlyForDeploymentPostprocessing = 0;
		};
/* End PBXResourcesBuildPhase section */

/* Begin PBXShellScriptBuildPhase section */
		CA29C8D327EE011200EE6246 /* SwiftGen Run Script */ = {
			isa = PBXShellScriptBuildPhase;
			buildActionMask = 2147483647;
			files = (
			);
			inputFileListPaths = (
			);
			inputPaths = (
			);
			name = "SwiftGen Run Script";
			outputFileListPaths = (
			);
			outputPaths = (
			);
			runOnlyForDeploymentPostprocessing = 0;
			shellPath = /bin/sh;
			shellScript = "# Type a script or drag a script file from your workspace to insert its path.\n\nswiftgen xcassets --param enumName=Assets ${TARGETNAME}/Assets.xcassets -t swift5 --output \"${TARGETNAME}/Assets+Generated.swift\"\n";
		};
/* End PBXShellScriptBuildPhase section */

/* Begin PBXSourcesBuildPhase section */
		CA29C8A627EDE60200EE6246 /* Sources */ = {
			isa = PBXSourcesBuildPhase;
			buildActionMask = 2147483647;
			files = (
				CA29C8F927EF093800EE6246 /* Observable.swift in Sources */,
				CA29C8CA27EDE85400EE6246 /* ViewPresentable.swift in Sources */,
				CA29C8F627EF08ED00EE6246 /* EmotionalDiaryViewModel.swift in Sources */,
				CA29C8CE27EDE88100EE6246 /* DiaryViewController.swift in Sources */,
				CA29C8F127EEF65000EE6246 /* Assets+Generated.swift in Sources */,
				CA29C8E527EEF32400EE6246 /* UserDefaults+Extension.swift in Sources */,
				CA29C8DE27EED4D400EE6246 /* ReusableView.swift in Sources */,
				CA29C8AE27EDE60200EE6246 /* AppDelegate.swift in Sources */,
				CA29C8CC27EDE86800EE6246 /* DiaryView.swift in Sources */,
				CA29C8E327EED6F700EE6246 /* UICollectionView+Extension.swift in Sources */,
				CA29C8B027EDE60200EE6246 /* SceneDelegate.swift in Sources */,
				CA29C8DC27EED10700EE6246 /* EmotionCollectionViewCell.swift in Sources */,
				CA29C8E027EED50C00EE6246 /* UICollectionViewCellRepresentable.swift in Sources */,
			);
			runOnlyForDeploymentPostprocessing = 0;
		};
/* End PBXSourcesBuildPhase section */

/* Begin PBXVariantGroup section */
		CA29C8B827EDE60300EE6246 /* LaunchScreen.storyboard */ = {
			isa = PBXVariantGroup;
			children = (
				CA29C8B927EDE60300EE6246 /* Base */,
			);
			name = LaunchScreen.storyboard;
			sourceTree = "<group>";
		};
/* End PBXVariantGroup section */

/* Begin XCBuildConfiguration section */
		CA29C8BC27EDE60300EE6246 /* Debug */ = {
			isa = XCBuildConfiguration;
			buildSettings = {
				ALWAYS_SEARCH_USER_PATHS = NO;
				CLANG_ANALYZER_NONNULL = YES;
				CLANG_ANALYZER_NUMBER_OBJECT_CONVERSION = YES_AGGRESSIVE;
				CLANG_CXX_LANGUAGE_STANDARD = "gnu++17";
				CLANG_ENABLE_MODULES = YES;
				CLANG_ENABLE_OBJC_ARC = YES;
				CLANG_ENABLE_OBJC_WEAK = YES;
				CLANG_WARN_BLOCK_CAPTURE_AUTORELEASING = YES;
				CLANG_WARN_BOOL_CONVERSION = YES;
				CLANG_WARN_COMMA = YES;
				CLANG_WARN_CONSTANT_CONVERSION = YES;
				CLANG_WARN_DEPRECATED_OBJC_IMPLEMENTATIONS = YES;
				CLANG_WARN_DIRECT_OBJC_ISA_USAGE = YES_ERROR;
				CLANG_WARN_DOCUMENTATION_COMMENTS = YES;
				CLANG_WARN_EMPTY_BODY = YES;
				CLANG_WARN_ENUM_CONVERSION = YES;
				CLANG_WARN_INFINITE_RECURSION = YES;
				CLANG_WARN_INT_CONVERSION = YES;
				CLANG_WARN_NON_LITERAL_NULL_CONVERSION = YES;
				CLANG_WARN_OBJC_IMPLICIT_RETAIN_SELF = YES;
				CLANG_WARN_OBJC_LITERAL_CONVERSION = YES;
				CLANG_WARN_OBJC_ROOT_CLASS = YES_ERROR;
				CLANG_WARN_QUOTED_INCLUDE_IN_FRAMEWORK_HEADER = YES;
				CLANG_WARN_RANGE_LOOP_ANALYSIS = YES;
				CLANG_WARN_STRICT_PROTOTYPES = YES;
				CLANG_WARN_SUSPICIOUS_MOVE = YES;
				CLANG_WARN_UNGUARDED_AVAILABILITY = YES_AGGRESSIVE;
				CLANG_WARN_UNREACHABLE_CODE = YES;
				CLANG_WARN__DUPLICATE_METHOD_MATCH = YES;
				COPY_PHASE_STRIP = NO;
				DEBUG_INFORMATION_FORMAT = dwarf;
				ENABLE_STRICT_OBJC_MSGSEND = YES;
				ENABLE_TESTABILITY = YES;
				GCC_C_LANGUAGE_STANDARD = gnu11;
				GCC_DYNAMIC_NO_PIC = NO;
				GCC_NO_COMMON_BLOCKS = YES;
				GCC_OPTIMIZATION_LEVEL = 0;
				GCC_PREPROCESSOR_DEFINITIONS = (
					"DEBUG=1",
					"$(inherited)",
				);
				GCC_WARN_64_TO_32_BIT_CONVERSION = YES;
				GCC_WARN_ABOUT_RETURN_TYPE = YES_ERROR;
				GCC_WARN_UNDECLARED_SELECTOR = YES;
				GCC_WARN_UNINITIALIZED_AUTOS = YES_AGGRESSIVE;
				GCC_WARN_UNUSED_FUNCTION = YES;
				GCC_WARN_UNUSED_VARIABLE = YES;
				IPHONEOS_DEPLOYMENT_TARGET = 13.0;
				MTL_ENABLE_DEBUG_INFO = INCLUDE_SOURCE;
				MTL_FAST_MATH = YES;
				ONLY_ACTIVE_ARCH = YES;
				SDKROOT = iphoneos;
				SWIFT_ACTIVE_COMPILATION_CONDITIONS = DEBUG;
				SWIFT_OPTIMIZATION_LEVEL = "-Onone";
			};
			name = Debug;
		};
		CA29C8BD27EDE60300EE6246 /* Release */ = {
			isa = XCBuildConfiguration;
			buildSettings = {
				ALWAYS_SEARCH_USER_PATHS = NO;
				CLANG_ANALYZER_NONNULL = YES;
				CLANG_ANALYZER_NUMBER_OBJECT_CONVERSION = YES_AGGRESSIVE;
				CLANG_CXX_LANGUAGE_STANDARD = "gnu++17";
				CLANG_ENABLE_MODULES = YES;
				CLANG_ENABLE_OBJC_ARC = YES;
				CLANG_ENABLE_OBJC_WEAK = YES;
				CLANG_WARN_BLOCK_CAPTURE_AUTORELEASING = YES;
				CLANG_WARN_BOOL_CONVERSION = YES;
				CLANG_WARN_COMMA = YES;
				CLANG_WARN_CONSTANT_CONVERSION = YES;
				CLANG_WARN_DEPRECATED_OBJC_IMPLEMENTATIONS = YES;
				CLANG_WARN_DIRECT_OBJC_ISA_USAGE = YES_ERROR;
				CLANG_WARN_DOCUMENTATION_COMMENTS = YES;
				CLANG_WARN_EMPTY_BODY = YES;
				CLANG_WARN_ENUM_CONVERSION = YES;
				CLANG_WARN_INFINITE_RECURSION = YES;
				CLANG_WARN_INT_CONVERSION = YES;
				CLANG_WARN_NON_LITERAL_NULL_CONVERSION = YES;
				CLANG_WARN_OBJC_IMPLICIT_RETAIN_SELF = YES;
				CLANG_WARN_OBJC_LITERAL_CONVERSION = YES;
				CLANG_WARN_OBJC_ROOT_CLASS = YES_ERROR;
				CLANG_WARN_QUOTED_INCLUDE_IN_FRAMEWORK_HEADER = YES;
				CLANG_WARN_RANGE_LOOP_ANALYSIS = YES;
				CLANG_WARN_STRICT_PROTOTYPES = YES;
				CLANG_WARN_SUSPICIOUS_MOVE = YES;
				CLANG_WARN_UNGUARDED_AVAILABILITY = YES_AGGRESSIVE;
				CLANG_WARN_UNREACHABLE_CODE = YES;
				CLANG_WARN__DUPLICATE_METHOD_MATCH = YES;
				COPY_PHASE_STRIP = NO;
				DEBUG_INFORMATION_FORMAT = "dwarf-with-dsym";
				ENABLE_NS_ASSERTIONS = NO;
				ENABLE_STRICT_OBJC_MSGSEND = YES;
				GCC_C_LANGUAGE_STANDARD = gnu11;
				GCC_NO_COMMON_BLOCKS = YES;
				GCC_WARN_64_TO_32_BIT_CONVERSION = YES;
				GCC_WARN_ABOUT_RETURN_TYPE = YES_ERROR;
				GCC_WARN_UNDECLARED_SELECTOR = YES;
				GCC_WARN_UNINITIALIZED_AUTOS = YES_AGGRESSIVE;
				GCC_WARN_UNUSED_FUNCTION = YES;
				GCC_WARN_UNUSED_VARIABLE = YES;
				IPHONEOS_DEPLOYMENT_TARGET = 13.0;
				MTL_ENABLE_DEBUG_INFO = NO;
				MTL_FAST_MATH = YES;
				ONLY_ACTIVE_ARCH = YES;
				SDKROOT = iphoneos;
				SWIFT_COMPILATION_MODE = wholemodule;
				SWIFT_OPTIMIZATION_LEVEL = "-O";
				VALIDATE_PRODUCT = YES;
			};
			name = Release;
		};
		CA29C8BF27EDE60300EE6246 /* Debug */ = {
			isa = XCBuildConfiguration;
			buildSettings = {
				ASSETCATALOG_COMPILER_APPICON_NAME = AppIcon;
				ASSETCATALOG_COMPILER_GLOBAL_ACCENT_COLOR_NAME = AccentColor;
				CODE_SIGN_STYLE = Automatic;
				CURRENT_PROJECT_VERSION = 1;
				DEVELOPMENT_TEAM = UN2K8CY256;
				GENERATE_INFOPLIST_FILE = YES;
				INFOPLIST_FILE = EmotinalDiary/Info.plist;
				INFOPLIST_KEY_UIApplicationSupportsIndirectInputEvents = YES;
				INFOPLIST_KEY_UILaunchStoryboardName = LaunchScreen;
				INFOPLIST_KEY_UISupportedInterfaceOrientations = "UIInterfaceOrientationPortrait UIInterfaceOrientationPortraitUpsideDown UIInterfaceOrientationLandscapeLeft UIInterfaceOrientationLandscapeRight";
				INFOPLIST_KEY_UISupportedInterfaceOrientations_iPad = "UIInterfaceOrientationPortrait UIInterfaceOrientationPortraitUpsideDown UIInterfaceOrientationLandscapeLeft UIInterfaceOrientationLandscapeRight";
				INFOPLIST_KEY_UISupportedInterfaceOrientations_iPhone = "UIInterfaceOrientationPortrait UIInterfaceOrientationLandscapeLeft UIInterfaceOrientationLandscapeRight";
				LD_RUNPATH_SEARCH_PATHS = (
					"$(inherited)",
					"@executable_path/Frameworks",
				);
				MARKETING_VERSION = 1.0;
				PRODUCT_BUNDLE_IDENTIFIER = com.bene.EmotinalDiary;
				PRODUCT_NAME = "$(TARGET_NAME)";
				SWIFT_EMIT_LOC_STRINGS = YES;
				SWIFT_VERSION = 5.0;
				TARGETED_DEVICE_FAMILY = "1,2";
			};
			name = Debug;
		};
		CA29C8C027EDE60300EE6246 /* Release */ = {
			isa = XCBuildConfiguration;
			buildSettings = {
				ASSETCATALOG_COMPILER_APPICON_NAME = AppIcon;
				ASSETCATALOG_COMPILER_GLOBAL_ACCENT_COLOR_NAME = AccentColor;
				CODE_SIGN_STYLE = Automatic;
				CURRENT_PROJECT_VERSION = 1;
				DEVELOPMENT_TEAM = UN2K8CY256;
				GENERATE_INFOPLIST_FILE = YES;
				INFOPLIST_FILE = EmotinalDiary/Info.plist;
				INFOPLIST_KEY_UIApplicationSupportsIndirectInputEvents = YES;
				INFOPLIST_KEY_UILaunchStoryboardName = LaunchScreen;
				INFOPLIST_KEY_UISupportedInterfaceOrientations = "UIInterfaceOrientationPortrait UIInterfaceOrientationPortraitUpsideDown UIInterfaceOrientationLandscapeLeft UIInterfaceOrientationLandscapeRight";
				INFOPLIST_KEY_UISupportedInterfaceOrientations_iPad = "UIInterfaceOrientationPortrait UIInterfaceOrientationPortraitUpsideDown UIInterfaceOrientationLandscapeLeft UIInterfaceOrientationLandscapeRight";
				INFOPLIST_KEY_UISupportedInterfaceOrientations_iPhone = "UIInterfaceOrientationPortrait UIInterfaceOrientationLandscapeLeft UIInterfaceOrientationLandscapeRight";
				LD_RUNPATH_SEARCH_PATHS = (
					"$(inherited)",
					"@executable_path/Frameworks",
				);
				MARKETING_VERSION = 1.0;
				PRODUCT_BUNDLE_IDENTIFIER = com.bene.EmotinalDiary;
				PRODUCT_NAME = "$(TARGET_NAME)";
				SWIFT_EMIT_LOC_STRINGS = YES;
				SWIFT_VERSION = 5.0;
				TARGETED_DEVICE_FAMILY = "1,2";
			};
			name = Release;
		};
/* End XCBuildConfiguration section */

/* Begin XCConfigurationList section */
		CA29C8A527EDE60200EE6246 /* Build configuration list for PBXProject "EmotinalDiary" */ = {
			isa = XCConfigurationList;
			buildConfigurations = (
				CA29C8BC27EDE60300EE6246 /* Debug */,
				CA29C8BD27EDE60300EE6246 /* Release */,
			);
			defaultConfigurationIsVisible = 0;
			defaultConfigurationName = Release;
		};
		CA29C8BE27EDE60300EE6246 /* Build configuration list for PBXNativeTarget "EmotinalDiary" */ = {
			isa = XCConfigurationList;
			buildConfigurations = (
				CA29C8BF27EDE60300EE6246 /* Debug */,
				CA29C8C027EDE60300EE6246 /* Release */,
			);
			defaultConfigurationIsVisible = 0;
			defaultConfigurationName = Release;
		};
/* End XCConfigurationList section */

/* Begin XCRemoteSwiftPackageReference section */
		CA29C8C127EDE63500EE6246 /* XCRemoteSwiftPackageReference "Then" */ = {
			isa = XCRemoteSwiftPackageReference;
			repositoryURL = "https://github.com/devxoul/Then";
			requirement = {
				branch = master;
				kind = branch;
			};
		};
		CA29C8C427EDE63F00EE6246 /* XCRemoteSwiftPackageReference "SnapKit" */ = {
			isa = XCRemoteSwiftPackageReference;
			repositoryURL = "https://github.com/SnapKit/SnapKit";
			requirement = {
				branch = develop;
				kind = branch;
			};
		};
/* End XCRemoteSwiftPackageReference section */

/* Begin XCSwiftPackageProductDependency section */
		CA29C8C227EDE63500EE6246 /* Then */ = {
			isa = XCSwiftPackageProductDependency;
			package = CA29C8C127EDE63500EE6246 /* XCRemoteSwiftPackageReference "Then" */;
			productName = Then;
		};
		CA29C8C527EDE63F00EE6246 /* SnapKit */ = {
			isa = XCSwiftPackageProductDependency;
			package = CA29C8C427EDE63F00EE6246 /* XCRemoteSwiftPackageReference "SnapKit" */;
			productName = SnapKit;
		};
/* End XCSwiftPackageProductDependency section */
	};
	rootObject = CA29C8A227EDE60200EE6246 /* Project object */;
}
