// !$*UTF8*$!
{
	archiveVersion = 1;
	classes = {
	};
	objectVersion = 55;
	objects = {

/* Begin PBXBuildFile section */
		CA30A15C27F08F9100470908 /* AppDelegate.swift in Sources */ = {isa = PBXBuildFile; fileRef = CA30A15B27F08F9100470908 /* AppDelegate.swift */; };
		CA30A15E27F08F9100470908 /* SceneDelegate.swift in Sources */ = {isa = PBXBuildFile; fileRef = CA30A15D27F08F9100470908 /* SceneDelegate.swift */; };
		CA30A16827F08F9200470908 /* LaunchScreen.storyboard in Resources */ = {isa = PBXBuildFile; fileRef = CA30A16627F08F9200470908 /* LaunchScreen.storyboard */; };
		CA30A17F27F09A6000470908 /* AnniversaryCalculatorViewController.swift in Sources */ = {isa = PBXBuildFile; fileRef = CA30A17E27F09A6000470908 /* AnniversaryCalculatorViewController.swift */; };
		CA30A18227F09AAB00470908 /* AnniversaryCalculatorView.swift in Sources */ = {isa = PBXBuildFile; fileRef = CA30A18127F09AAB00470908 /* AnniversaryCalculatorView.swift */; };
		CA30A18527F09ABA00470908 /* ViewPresentable.swift in Sources */ = {isa = PBXBuildFile; fileRef = CA30A18427F09ABA00470908 /* ViewPresentable.swift */; };
		CA30A18B27F13F2B00470908 /* Assets.xcassets in Resources */ = {isa = PBXBuildFile; fileRef = CA30A18A27F13F2B00470908 /* Assets.xcassets */; };
		CA30A18F27F13FEA00470908 /* Assets+Generated.swift in Sources */ = {isa = PBXBuildFile; fileRef = CA30A18E27F13FEA00470908 /* Assets+Generated.swift */; };
		CA30A19227F1419000470908 /* SnapKit in Frameworks */ = {isa = PBXBuildFile; productRef = CA30A19127F1419000470908 /* SnapKit */; };
		CA30A19527F1419B00470908 /* Then in Frameworks */ = {isa = PBXBuildFile; productRef = CA30A19427F1419B00470908 /* Then */; };
		CAA921B227F16E8700C16D7D /* String+Extension.swift in Sources */ = {isa = PBXBuildFile; fileRef = CAA921B127F16E8700C16D7D /* String+Extension.swift */; };
		CAA921B527F178AC00C16D7D /* Observable.swift in Sources */ = {isa = PBXBuildFile; fileRef = CAA921B427F178AC00C16D7D /* Observable.swift */; };
		CAA921B827F178CD00C16D7D /* AnniversaryCalculatorViewModel.swift in Sources */ = {isa = PBXBuildFile; fileRef = CAA921B727F178CD00C16D7D /* AnniversaryCalculatorViewModel.swift */; };
		CAA921BA27F178F500C16D7D /* DDay.swift in Sources */ = {isa = PBXBuildFile; fileRef = CAA921B927F178F500C16D7D /* DDay.swift */; };
		CAA921BC27F17D5B00C16D7D /* UserDefaults+Extension.swift in Sources */ = {isa = PBXBuildFile; fileRef = CAA921BB27F17D5B00C16D7D /* UserDefaults+Extension.swift */; };
		CAD1C11727F150E1004DC549 /* AnniversaryCollectionViewCell.swift in Sources */ = {isa = PBXBuildFile; fileRef = CAD1C11627F150E1004DC549 /* AnniversaryCollectionViewCell.swift */; };
		CAD1C11927F15107004DC549 /* ReusableView.swift in Sources */ = {isa = PBXBuildFile; fileRef = CAD1C11827F15107004DC549 /* ReusableView.swift */; };
		CAD1C11B27F15150004DC549 /* UICollectionViewCellRepresentable.swift in Sources */ = {isa = PBXBuildFile; fileRef = CAD1C11A27F15150004DC549 /* UICollectionViewCellRepresentable.swift */; };
		CAD1C11E27F151FB004DC549 /* UICollectionViewCell+Extension.swift in Sources */ = {isa = PBXBuildFile; fileRef = CAD1C11D27F151FB004DC549 /* UICollectionViewCell+Extension.swift */; };
		CAD1C12227F164D1004DC549 /* Date+Extension.swift in Sources */ = {isa = PBXBuildFile; fileRef = CAD1C12127F164D1004DC549 /* Date+Extension.swift */; };
/* End PBXBuildFile section */

/* Begin PBXFileReference section */
		CA30A15827F08F9100470908 /* AnniversaryCalculator.app */ = {isa = PBXFileReference; explicitFileType = wrapper.application; includeInIndex = 0; path = AnniversaryCalculator.app; sourceTree = BUILT_PRODUCTS_DIR; };
		CA30A15B27F08F9100470908 /* AppDelegate.swift */ = {isa = PBXFileReference; lastKnownFileType = sourcecode.swift; path = AppDelegate.swift; sourceTree = "<group>"; };
		CA30A15D27F08F9100470908 /* SceneDelegate.swift */ = {isa = PBXFileReference; lastKnownFileType = sourcecode.swift; path = SceneDelegate.swift; sourceTree = "<group>"; };
		CA30A16727F08F9200470908 /* Base */ = {isa = PBXFileReference; lastKnownFileType = file.storyboard; name = Base; path = Base.lproj/LaunchScreen.storyboard; sourceTree = "<group>"; };
		CA30A16927F08F9200470908 /* Info.plist */ = {isa = PBXFileReference; lastKnownFileType = text.plist.xml; path = Info.plist; sourceTree = "<group>"; };
		CA30A17E27F09A6000470908 /* AnniversaryCalculatorViewController.swift */ = {isa = PBXFileReference; lastKnownFileType = sourcecode.swift; path = AnniversaryCalculatorViewController.swift; sourceTree = "<group>"; };
		CA30A18127F09AAB00470908 /* AnniversaryCalculatorView.swift */ = {isa = PBXFileReference; lastKnownFileType = sourcecode.swift; path = AnniversaryCalculatorView.swift; sourceTree = "<group>"; };
		CA30A18427F09ABA00470908 /* ViewPresentable.swift */ = {isa = PBXFileReference; lastKnownFileType = sourcecode.swift; path = ViewPresentable.swift; sourceTree = "<group>"; };
		CA30A18A27F13F2B00470908 /* Assets.xcassets */ = {isa = PBXFileReference; lastKnownFileType = folder.assetcatalog; path = Assets.xcassets; sourceTree = "<group>"; };
		CA30A18E27F13FEA00470908 /* Assets+Generated.swift */ = {isa = PBXFileReference; fileEncoding = 4; lastKnownFileType = sourcecode.swift; path = "Assets+Generated.swift"; sourceTree = "<group>"; };
		CAA921B127F16E8700C16D7D /* String+Extension.swift */ = {isa = PBXFileReference; lastKnownFileType = sourcecode.swift; path = "String+Extension.swift"; sourceTree = "<group>"; };
		CAA921B427F178AC00C16D7D /* Observable.swift */ = {isa = PBXFileReference; lastKnownFileType = sourcecode.swift; path = Observable.swift; sourceTree = "<group>"; };
		CAA921B727F178CD00C16D7D /* AnniversaryCalculatorViewModel.swift */ = {isa = PBXFileReference; lastKnownFileType = sourcecode.swift; path = AnniversaryCalculatorViewModel.swift; sourceTree = "<group>"; };
		CAA921B927F178F500C16D7D /* DDay.swift */ = {isa = PBXFileReference; lastKnownFileType = sourcecode.swift; path = DDay.swift; sourceTree = "<group>"; };
		CAA921BB27F17D5B00C16D7D /* UserDefaults+Extension.swift */ = {isa = PBXFileReference; lastKnownFileType = sourcecode.swift; path = "UserDefaults+Extension.swift"; sourceTree = "<group>"; };
		CAD1C11627F150E1004DC549 /* AnniversaryCollectionViewCell.swift */ = {isa = PBXFileReference; lastKnownFileType = sourcecode.swift; path = AnniversaryCollectionViewCell.swift; sourceTree = "<group>"; };
		CAD1C11827F15107004DC549 /* ReusableView.swift */ = {isa = PBXFileReference; lastKnownFileType = sourcecode.swift; path = ReusableView.swift; sourceTree = "<group>"; };
		CAD1C11A27F15150004DC549 /* UICollectionViewCellRepresentable.swift */ = {isa = PBXFileReference; lastKnownFileType = sourcecode.swift; path = UICollectionViewCellRepresentable.swift; sourceTree = "<group>"; };
		CAD1C11D27F151FB004DC549 /* UICollectionViewCell+Extension.swift */ = {isa = PBXFileReference; lastKnownFileType = sourcecode.swift; path = "UICollectionViewCell+Extension.swift"; sourceTree = "<group>"; };
		CAD1C12127F164D1004DC549 /* Date+Extension.swift */ = {isa = PBXFileReference; lastKnownFileType = sourcecode.swift; path = "Date+Extension.swift"; sourceTree = "<group>"; };
/* End PBXFileReference section */

/* Begin PBXFrameworksBuildPhase section */
		CA30A15527F08F9100470908 /* Frameworks */ = {
			isa = PBXFrameworksBuildPhase;
			buildActionMask = 2147483647;
			files = (
				CA30A19227F1419000470908 /* SnapKit in Frameworks */,
				CA30A19527F1419B00470908 /* Then in Frameworks */,
			);
			runOnlyForDeploymentPostprocessing = 0;
		};
/* End PBXFrameworksBuildPhase section */

/* Begin PBXGroup section */
		CA30A14F27F08F9100470908 = {
			isa = PBXGroup;
			children = (
				CA30A15A27F08F9100470908 /* AnniversaryCalculator */,
				CA30A15927F08F9100470908 /* Products */,
			);
			sourceTree = "<group>";
		};
		CA30A15927F08F9100470908 /* Products */ = {
			isa = PBXGroup;
			children = (
				CA30A15827F08F9100470908 /* AnniversaryCalculator.app */,
			);
			name = Products;
			sourceTree = "<group>";
		};
		CA30A15A27F08F9100470908 /* AnniversaryCalculator */ = {
			isa = PBXGroup;
			children = (
				CAA921B627F178B500C16D7D /* ViewModel */,
				CAA921B327F1789900C16D7D /* Model */,
				CAD1C11C27F151E9004DC549 /* Extension */,
				CAD1C11527F150A0004DC549 /* Cell */,
				CA30A18327F09AAF00470908 /* Protocol */,
				CA30A18027F09A9A00470908 /* View */,
				CA30A15B27F08F9100470908 /* AppDelegate.swift */,
				CA30A15D27F08F9100470908 /* SceneDelegate.swift */,
				CA30A18A27F13F2B00470908 /* Assets.xcassets */,
				CA30A18E27F13FEA00470908 /* Assets+Generated.swift */,
				CA30A16627F08F9200470908 /* LaunchScreen.storyboard */,
				CA30A16927F08F9200470908 /* Info.plist */,
			);
			path = AnniversaryCalculator;
			sourceTree = "<group>";
		};
		CA30A18027F09A9A00470908 /* View */ = {
			isa = PBXGroup;
			children = (
				CA30A17E27F09A6000470908 /* AnniversaryCalculatorViewController.swift */,
				CA30A18127F09AAB00470908 /* AnniversaryCalculatorView.swift */,
			);
			path = View;
			sourceTree = "<group>";
		};
		CA30A18327F09AAF00470908 /* Protocol */ = {
			isa = PBXGroup;
			children = (
				CA30A18427F09ABA00470908 /* ViewPresentable.swift */,
				CAD1C11827F15107004DC549 /* ReusableView.swift */,
				CAD1C11A27F15150004DC549 /* UICollectionViewCellRepresentable.swift */,
			);
			path = Protocol;
			sourceTree = "<group>";
		};
		CAA921B327F1789900C16D7D /* Model */ = {
			isa = PBXGroup;
			children = (
				CAA921B427F178AC00C16D7D /* Observable.swift */,
				CAA921B927F178F500C16D7D /* DDay.swift */,
			);
			path = Model;
			sourceTree = "<group>";
		};
		CAA921B627F178B500C16D7D /* ViewModel */ = {
			isa = PBXGroup;
			children = (
				CAA921B727F178CD00C16D7D /* AnniversaryCalculatorViewModel.swift */,
			);
			path = ViewModel;
			sourceTree = "<group>";
		};
		CAD1C11527F150A0004DC549 /* Cell */ = {
			isa = PBXGroup;
			children = (
				CAD1C11627F150E1004DC549 /* AnniversaryCollectionViewCell.swift */,
			);
			path = Cell;
			sourceTree = "<group>";
		};
		CAD1C11C27F151E9004DC549 /* Extension */ = {
			isa = PBXGroup;
			children = (
				CAD1C11D27F151FB004DC549 /* UICollectionViewCell+Extension.swift */,
				CAD1C12127F164D1004DC549 /* Date+Extension.swift */,
				CAA921B127F16E8700C16D7D /* String+Extension.swift */,
				CAA921BB27F17D5B00C16D7D /* UserDefaults+Extension.swift */,
			);
			path = Extension;
			sourceTree = "<group>";
		};
/* End PBXGroup section */

/* Begin PBXNativeTarget section */
		CA30A15727F08F9100470908 /* AnniversaryCalculator */ = {
			isa = PBXNativeTarget;
			buildConfigurationList = CA30A16C27F08F9200470908 /* Build configuration list for PBXNativeTarget "AnniversaryCalculator" */;
			buildPhases = (
				CA30A15427F08F9100470908 /* Sources */,
				CA30A15527F08F9100470908 /* Frameworks */,
				CA30A15627F08F9100470908 /* Resources */,
				CA30A18927F13E2100470908 /* SwiftGen Run Script */,
			);
			buildRules = (
			);
			dependencies = (
			);
			name = AnniversaryCalculator;
			packageProductDependencies = (
				CA30A19127F1419000470908 /* SnapKit */,
				CA30A19427F1419B00470908 /* Then */,
			);
			productName = AnniversaryCalculator;
			productReference = CA30A15827F08F9100470908 /* AnniversaryCalculator.app */;
			productType = "com.apple.product-type.application";
		};
/* End PBXNativeTarget section */

/* Begin PBXProject section */
		CA30A15027F08F9100470908 /* Project object */ = {
			isa = PBXProject;
			attributes = {
				BuildIndependentTargetsInParallel = 1;
				LastSwiftUpdateCheck = 1330;
				LastUpgradeCheck = 1330;
				TargetAttributes = {
					CA30A15727F08F9100470908 = {
						CreatedOnToolsVersion = 13.3;
					};
				};
			};
			buildConfigurationList = CA30A15327F08F9100470908 /* Build configuration list for PBXProject "AnniversaryCalculator" */;
			compatibilityVersion = "Xcode 13.0";
			developmentRegion = en;
			hasScannedForEncodings = 0;
			knownRegions = (
				en,
				Base,
			);
			mainGroup = CA30A14F27F08F9100470908;
			packageReferences = (
				CA30A19027F1419000470908 /* XCRemoteSwiftPackageReference "SnapKit" */,
				CA30A19327F1419B00470908 /* XCRemoteSwiftPackageReference "Then" */,
			);
			productRefGroup = CA30A15927F08F9100470908 /* Products */;
			projectDirPath = "";
			projectRoot = "";
			targets = (
				CA30A15727F08F9100470908 /* AnniversaryCalculator */,
			);
		};
/* End PBXProject section */

/* Begin PBXResourcesBuildPhase section */
		CA30A15627F08F9100470908 /* Resources */ = {
			isa = PBXResourcesBuildPhase;
			buildActionMask = 2147483647;
			files = (
				CA30A16827F08F9200470908 /* LaunchScreen.storyboard in Resources */,
				CA30A18B27F13F2B00470908 /* Assets.xcassets in Resources */,
			);
			runOnlyForDeploymentPostprocessing = 0;
		};
/* End PBXResourcesBuildPhase section */

/* Begin PBXShellScriptBuildPhase section */
		CA30A18927F13E2100470908 /* SwiftGen Run Script */ = {
			isa = PBXShellScriptBuildPhase;
			buildActionMask = 2147483647;
			files = (
			);
			inputFileListPaths = (
			);
			inputPaths = (
			);
			name = "SwiftGen Run Script";
			outputFileListPaths = (
			);
			outputPaths = (
			);
			runOnlyForDeploymentPostprocessing = 0;
			shellPath = /bin/sh;
			shellScript = "# Type a script or drag a script file from your workspace to insert its path.\n\nswiftgen run xcassets --param enumName=Assets ${TARGETNAME}/Assets.xcassets -t swift5 --output \"${TARGETNAME}/Assets+Generated.swift\"\n";
		};
/* End PBXShellScriptBuildPhase section */

/* Begin PBXSourcesBuildPhase section */
		CA30A15427F08F9100470908 /* Sources */ = {
			isa = PBXSourcesBuildPhase;
			buildActionMask = 2147483647;
			files = (
				CAA921B527F178AC00C16D7D /* Observable.swift in Sources */,
				CA30A18527F09ABA00470908 /* ViewPresentable.swift in Sources */,
				CA30A15C27F08F9100470908 /* AppDelegate.swift in Sources */,
				CA30A18F27F13FEA00470908 /* Assets+Generated.swift in Sources */,
				CAD1C11927F15107004DC549 /* ReusableView.swift in Sources */,
				CAA921B827F178CD00C16D7D /* AnniversaryCalculatorViewModel.swift in Sources */,
				CAA921BC27F17D5B00C16D7D /* UserDefaults+Extension.swift in Sources */,
				CAA921B227F16E8700C16D7D /* String+Extension.swift in Sources */,
				CAD1C11727F150E1004DC549 /* AnniversaryCollectionViewCell.swift in Sources */,
				CA30A18227F09AAB00470908 /* AnniversaryCalculatorView.swift in Sources */,
				CA30A17F27F09A6000470908 /* AnniversaryCalculatorViewController.swift in Sources */,
				CA30A15E27F08F9100470908 /* SceneDelegate.swift in Sources */,
				CAD1C11E27F151FB004DC549 /* UICollectionViewCell+Extension.swift in Sources */,
				CAA921BA27F178F500C16D7D /* DDay.swift in Sources */,
				CAD1C12227F164D1004DC549 /* Date+Extension.swift in Sources */,
				CAD1C11B27F15150004DC549 /* UICollectionViewCellRepresentable.swift in Sources */,
			);
			runOnlyForDeploymentPostprocessing = 0;
		};
/* End PBXSourcesBuildPhase section */

/* Begin PBXVariantGroup section */
		CA30A16627F08F9200470908 /* LaunchScreen.storyboard */ = {
			isa = PBXVariantGroup;
			children = (
				CA30A16727F08F9200470908 /* Base */,
			);
			name = LaunchScreen.storyboard;
			sourceTree = "<group>";
		};
/* End PBXVariantGroup section */

/* Begin XCBuildConfiguration section */
		CA30A16A27F08F9200470908 /* Debug */ = {
			isa = XCBuildConfiguration;
			buildSettings = {
				ALWAYS_SEARCH_USER_PATHS = NO;
				CLANG_ANALYZER_NONNULL = YES;
				CLANG_ANALYZER_NUMBER_OBJECT_CONVERSION = YES_AGGRESSIVE;
				CLANG_CXX_LANGUAGE_STANDARD = "gnu++17";
				CLANG_ENABLE_MODULES = YES;
				CLANG_ENABLE_OBJC_ARC = YES;
				CLANG_ENABLE_OBJC_WEAK = YES;
				CLANG_WARN_BLOCK_CAPTURE_AUTORELEASING = YES;
				CLANG_WARN_BOOL_CONVERSION = YES;
				CLANG_WARN_COMMA = YES;
				CLANG_WARN_CONSTANT_CONVERSION = YES;
				CLANG_WARN_DEPRECATED_OBJC_IMPLEMENTATIONS = YES;
				CLANG_WARN_DIRECT_OBJC_ISA_USAGE = YES_ERROR;
				CLANG_WARN_DOCUMENTATION_COMMENTS = YES;
				CLANG_WARN_EMPTY_BODY = YES;
				CLANG_WARN_ENUM_CONVERSION = YES;
				CLANG_WARN_INFINITE_RECURSION = YES;
				CLANG_WARN_INT_CONVERSION = YES;
				CLANG_WARN_NON_LITERAL_NULL_CONVERSION = YES;
				CLANG_WARN_OBJC_IMPLICIT_RETAIN_SELF = YES;
				CLANG_WARN_OBJC_LITERAL_CONVERSION = YES;
				CLANG_WARN_OBJC_ROOT_CLASS = YES_ERROR;
				CLANG_WARN_QUOTED_INCLUDE_IN_FRAMEWORK_HEADER = YES;
				CLANG_WARN_RANGE_LOOP_ANALYSIS = YES;
				CLANG_WARN_STRICT_PROTOTYPES = YES;
				CLANG_WARN_SUSPICIOUS_MOVE = YES;
				CLANG_WARN_UNGUARDED_AVAILABILITY = YES_AGGRESSIVE;
				CLANG_WARN_UNREACHABLE_CODE = YES;
				CLANG_WARN__DUPLICATE_METHOD_MATCH = YES;
				COPY_PHASE_STRIP = NO;
				DEBUG_INFORMATION_FORMAT = dwarf;
				ENABLE_STRICT_OBJC_MSGSEND = YES;
				ENABLE_TESTABILITY = YES;
				GCC_C_LANGUAGE_STANDARD = gnu11;
				GCC_DYNAMIC_NO_PIC = NO;
				GCC_NO_COMMON_BLOCKS = YES;
				GCC_OPTIMIZATION_LEVEL = 0;
				GCC_PREPROCESSOR_DEFINITIONS = (
					"DEBUG=1",
					"$(inherited)",
				);
				GCC_WARN_64_TO_32_BIT_CONVERSION = YES;
				GCC_WARN_ABOUT_RETURN_TYPE = YES_ERROR;
				GCC_WARN_UNDECLARED_SELECTOR = YES;
				GCC_WARN_UNINITIALIZED_AUTOS = YES_AGGRESSIVE;
				GCC_WARN_UNUSED_FUNCTION = YES;
				GCC_WARN_UNUSED_VARIABLE = YES;
				IPHONEOS_DEPLOYMENT_TARGET = 13.0;
				MTL_ENABLE_DEBUG_INFO = INCLUDE_SOURCE;
				MTL_FAST_MATH = YES;
				ONLY_ACTIVE_ARCH = YES;
				SDKROOT = iphoneos;
				SWIFT_ACTIVE_COMPILATION_CONDITIONS = DEBUG;
				SWIFT_OPTIMIZATION_LEVEL = "-Onone";
			};
			name = Debug;
		};
		CA30A16B27F08F9200470908 /* Release */ = {
			isa = XCBuildConfiguration;
			buildSettings = {
				ALWAYS_SEARCH_USER_PATHS = NO;
				CLANG_ANALYZER_NONNULL = YES;
				CLANG_ANALYZER_NUMBER_OBJECT_CONVERSION = YES_AGGRESSIVE;
				CLANG_CXX_LANGUAGE_STANDARD = "gnu++17";
				CLANG_ENABLE_MODULES = YES;
				CLANG_ENABLE_OBJC_ARC = YES;
				CLANG_ENABLE_OBJC_WEAK = YES;
				CLANG_WARN_BLOCK_CAPTURE_AUTORELEASING = YES;
				CLANG_WARN_BOOL_CONVERSION = YES;
				CLANG_WARN_COMMA = YES;
				CLANG_WARN_CONSTANT_CONVERSION = YES;
				CLANG_WARN_DEPRECATED_OBJC_IMPLEMENTATIONS = YES;
				CLANG_WARN_DIRECT_OBJC_ISA_USAGE = YES_ERROR;
				CLANG_WARN_DOCUMENTATION_COMMENTS = YES;
				CLANG_WARN_EMPTY_BODY = YES;
				CLANG_WARN_ENUM_CONVERSION = YES;
				CLANG_WARN_INFINITE_RECURSION = YES;
				CLANG_WARN_INT_CONVERSION = YES;
				CLANG_WARN_NON_LITERAL_NULL_CONVERSION = YES;
				CLANG_WARN_OBJC_IMPLICIT_RETAIN_SELF = YES;
				CLANG_WARN_OBJC_LITERAL_CONVERSION = YES;
				CLANG_WARN_OBJC_ROOT_CLASS = YES_ERROR;
				CLANG_WARN_QUOTED_INCLUDE_IN_FRAMEWORK_HEADER = YES;
				CLANG_WARN_RANGE_LOOP_ANALYSIS = YES;
				CLANG_WARN_STRICT_PROTOTYPES = YES;
				CLANG_WARN_SUSPICIOUS_MOVE = YES;
				CLANG_WARN_UNGUARDED_AVAILABILITY = YES_AGGRESSIVE;
				CLANG_WARN_UNREACHABLE_CODE = YES;
				CLANG_WARN__DUPLICATE_METHOD_MATCH = YES;
				COPY_PHASE_STRIP = NO;
				DEBUG_INFORMATION_FORMAT = "dwarf-with-dsym";
				ENABLE_NS_ASSERTIONS = NO;
				ENABLE_STRICT_OBJC_MSGSEND = YES;
				GCC_C_LANGUAGE_STANDARD = gnu11;
				GCC_NO_COMMON_BLOCKS = YES;
				GCC_WARN_64_TO_32_BIT_CONVERSION = YES;
				GCC_WARN_ABOUT_RETURN_TYPE = YES_ERROR;
				GCC_WARN_UNDECLARED_SELECTOR = YES;
				GCC_WARN_UNINITIALIZED_AUTOS = YES_AGGRESSIVE;
				GCC_WARN_UNUSED_FUNCTION = YES;
				GCC_WARN_UNUSED_VARIABLE = YES;
				IPHONEOS_DEPLOYMENT_TARGET = 13.0;
				MTL_ENABLE_DEBUG_INFO = NO;
				MTL_FAST_MATH = YES;
				SDKROOT = iphoneos;
				SWIFT_COMPILATION_MODE = wholemodule;
				SWIFT_OPTIMIZATION_LEVEL = "-O";
				VALIDATE_PRODUCT = YES;
			};
			name = Release;
		};
		CA30A16D27F08F9200470908 /* Debug */ = {
			isa = XCBuildConfiguration;
			buildSettings = {
				ASSETCATALOG_COMPILER_APPICON_NAME = AppIcon;
				ASSETCATALOG_COMPILER_GLOBAL_ACCENT_COLOR_NAME = AccentColor;
				CODE_SIGN_STYLE = Automatic;
				CURRENT_PROJECT_VERSION = 1;
				DEVELOPMENT_TEAM = UN2K8CY256;
				GENERATE_INFOPLIST_FILE = YES;
				INFOPLIST_FILE = AnniversaryCalculator/Info.plist;
				INFOPLIST_KEY_UIApplicationSupportsIndirectInputEvents = YES;
				INFOPLIST_KEY_UILaunchStoryboardName = LaunchScreen;
				INFOPLIST_KEY_UISupportedInterfaceOrientations = UIInterfaceOrientationPortrait;
				INFOPLIST_KEY_UISupportedInterfaceOrientations_iPad = "UIInterfaceOrientationPortrait UIInterfaceOrientationPortraitUpsideDown UIInterfaceOrientationLandscapeLeft UIInterfaceOrientationLandscapeRight";
				INFOPLIST_KEY_UISupportedInterfaceOrientations_iPhone = "UIInterfaceOrientationPortrait UIInterfaceOrientationLandscapeLeft UIInterfaceOrientationLandscapeRight";
				LD_RUNPATH_SEARCH_PATHS = (
					"$(inherited)",
					"@executable_path/Frameworks",
				);
				MARKETING_VERSION = 1.0;
				PRODUCT_BUNDLE_IDENTIFIER = com.bene.AnniversaryCalculator;
				PRODUCT_NAME = "$(TARGET_NAME)";
				SWIFT_EMIT_LOC_STRINGS = YES;
				SWIFT_VERSION = 5.0;
				TARGETED_DEVICE_FAMILY = "1,2";
			};
			name = Debug;
		};
		CA30A16E27F08F9200470908 /* Release */ = {
			isa = XCBuildConfiguration;
			buildSettings = {
				ASSETCATALOG_COMPILER_APPICON_NAME = AppIcon;
				ASSETCATALOG_COMPILER_GLOBAL_ACCENT_COLOR_NAME = AccentColor;
				CODE_SIGN_STYLE = Automatic;
				CURRENT_PROJECT_VERSION = 1;
				DEVELOPMENT_TEAM = UN2K8CY256;
				GENERATE_INFOPLIST_FILE = YES;
				INFOPLIST_FILE = AnniversaryCalculator/Info.plist;
				INFOPLIST_KEY_UIApplicationSupportsIndirectInputEvents = YES;
				INFOPLIST_KEY_UILaunchStoryboardName = LaunchScreen;
				INFOPLIST_KEY_UISupportedInterfaceOrientations = UIInterfaceOrientationPortrait;
				INFOPLIST_KEY_UISupportedInterfaceOrientations_iPad = "UIInterfaceOrientationPortrait UIInterfaceOrientationPortraitUpsideDown UIInterfaceOrientationLandscapeLeft UIInterfaceOrientationLandscapeRight";
				INFOPLIST_KEY_UISupportedInterfaceOrientations_iPhone = "UIInterfaceOrientationPortrait UIInterfaceOrientationLandscapeLeft UIInterfaceOrientationLandscapeRight";
				LD_RUNPATH_SEARCH_PATHS = (
					"$(inherited)",
					"@executable_path/Frameworks",
				);
				MARKETING_VERSION = 1.0;
				PRODUCT_BUNDLE_IDENTIFIER = com.bene.AnniversaryCalculator;
				PRODUCT_NAME = "$(TARGET_NAME)";
				SWIFT_EMIT_LOC_STRINGS = YES;
				SWIFT_VERSION = 5.0;
				TARGETED_DEVICE_FAMILY = "1,2";
			};
			name = Release;
		};
/* End XCBuildConfiguration section */

/* Begin XCConfigurationList section */
		CA30A15327F08F9100470908 /* Build configuration list for PBXProject "AnniversaryCalculator" */ = {
			isa = XCConfigurationList;
			buildConfigurations = (
				CA30A16A27F08F9200470908 /* Debug */,
				CA30A16B27F08F9200470908 /* Release */,
			);
			defaultConfigurationIsVisible = 0;
			defaultConfigurationName = Release;
		};
		CA30A16C27F08F9200470908 /* Build configuration list for PBXNativeTarget "AnniversaryCalculator" */ = {
			isa = XCConfigurationList;
			buildConfigurations = (
				CA30A16D27F08F9200470908 /* Debug */,
				CA30A16E27F08F9200470908 /* Release */,
			);
			defaultConfigurationIsVisible = 0;
			defaultConfigurationName = Release;
		};
/* End XCConfigurationList section */

/* Begin XCRemoteSwiftPackageReference section */
		CA30A19027F1419000470908 /* XCRemoteSwiftPackageReference "SnapKit" */ = {
			isa = XCRemoteSwiftPackageReference;
			repositoryURL = "https://github.com/SnapKit/SnapKit";
			requirement = {
				branch = develop;
				kind = branch;
			};
		};
		CA30A19327F1419B00470908 /* XCRemoteSwiftPackageReference "Then" */ = {
			isa = XCRemoteSwiftPackageReference;
			repositoryURL = "https://github.com/devxoul/Then";
			requirement = {
				branch = master;
				kind = branch;
			};
		};
/* End XCRemoteSwiftPackageReference section */

/* Begin XCSwiftPackageProductDependency section */
		CA30A19127F1419000470908 /* SnapKit */ = {
			isa = XCSwiftPackageProductDependency;
			package = CA30A19027F1419000470908 /* XCRemoteSwiftPackageReference "SnapKit" */;
			productName = SnapKit;
		};
		CA30A19427F1419B00470908 /* Then */ = {
			isa = XCSwiftPackageProductDependency;
			package = CA30A19327F1419B00470908 /* XCRemoteSwiftPackageReference "Then" */;
			productName = Then;
		};
/* End XCSwiftPackageProductDependency section */
	};
	rootObject = CA30A15027F08F9100470908 /* Project object */;
}
