// !$*UTF8*$!
{
	archiveVersion = 1;
	classes = {
	};
	objectVersion = 55;
	objects = {

/* Begin PBXBuildFile section */
		CA51F74527FAC07C006B6D18 /* AppDelegate.swift in Sources */ = {isa = PBXBuildFile; fileRef = CA51F74427FAC07C006B6D18 /* AppDelegate.swift */; };
		CA51F74727FAC07C006B6D18 /* SceneDelegate.swift in Sources */ = {isa = PBXBuildFile; fileRef = CA51F74627FAC07C006B6D18 /* SceneDelegate.swift */; };
		CA51F74E27FAC07D006B6D18 /* Assets.xcassets in Resources */ = {isa = PBXBuildFile; fileRef = CA51F74D27FAC07D006B6D18 /* Assets.xcassets */; };
		CA51F75127FAC07D006B6D18 /* LaunchScreen.storyboard in Resources */ = {isa = PBXBuildFile; fileRef = CA51F74F27FAC07D006B6D18 /* LaunchScreen.storyboard */; };
		CA51F75A27FAC130006B6D18 /* DrinkWaterView.swift in Sources */ = {isa = PBXBuildFile; fileRef = CA51F75927FAC130006B6D18 /* DrinkWaterView.swift */; };
		CA51F75C27FAC13C006B6D18 /* DrinkWaterViewController.swift in Sources */ = {isa = PBXBuildFile; fileRef = CA51F75B27FAC13C006B6D18 /* DrinkWaterViewController.swift */; };
		CA51F76127FAC17F006B6D18 /* ViewPresentable.swift in Sources */ = {isa = PBXBuildFile; fileRef = CA51F76027FAC17F006B6D18 /* ViewPresentable.swift */; };
		CA51F76427FAC6BD006B6D18 /* Assets+Generated.swift in Sources */ = {isa = PBXBuildFile; fileRef = CA51F76327FAC6BD006B6D18 /* Assets+Generated.swift */; };
		CA51F76727FAC76F006B6D18 /* Lottie in Frameworks */ = {isa = PBXBuildFile; productRef = CA51F76627FAC76F006B6D18 /* Lottie */; };
		CA51F76A27FAC77D006B6D18 /* SnapKit in Frameworks */ = {isa = PBXBuildFile; productRef = CA51F76927FAC77D006B6D18 /* SnapKit */; };
		CA51F76D27FAC787006B6D18 /* Then in Frameworks */ = {isa = PBXBuildFile; productRef = CA51F76C27FAC787006B6D18 /* Then */; };
		CA51F76F27FAC896006B6D18 /* cactus.json in Resources */ = {isa = PBXBuildFile; fileRef = CA51F76E27FAC896006B6D18 /* cactus.json */; };
		CA51F77127FAD7B4006B6D18 /* LaunchScreenViewController.swift in Sources */ = {isa = PBXBuildFile; fileRef = CA51F77027FAD7B4006B6D18 /* LaunchScreenViewController.swift */; };
		CA51F77427FAE55D006B6D18 /* ProfileView.swift in Sources */ = {isa = PBXBuildFile; fileRef = CA51F77327FAE55D006B6D18 /* ProfileView.swift */; };
		CA51F77627FAE565006B6D18 /* ProfileViewController.swift in Sources */ = {isa = PBXBuildFile; fileRef = CA51F77527FAE565006B6D18 /* ProfileViewController.swift */; };
		CA51F77927FAEA33006B6D18 /* ProfileInputView.swift in Sources */ = {isa = PBXBuildFile; fileRef = CA51F77827FAEA33006B6D18 /* ProfileInputView.swift */; };
		CA51F77B27FAEAF2006B6D18 /* ProfileTextField.swift in Sources */ = {isa = PBXBuildFile; fileRef = CA51F77A27FAEAF2006B6D18 /* ProfileTextField.swift */; };
		CA51F78127FC8B60006B6D18 /* UserDefaults+Extension.swift in Sources */ = {isa = PBXBuildFile; fileRef = CA51F78027FC8B60006B6D18 /* UserDefaults+Extension.swift */; };
		CA51F78327FD3935006B6D18 /* UserInfoValidator.swift in Sources */ = {isa = PBXBuildFile; fileRef = CA51F78227FD3935006B6D18 /* UserInfoValidator.swift */; };
		CA51F78527FD3E66006B6D18 /* String+Extension.swift in Sources */ = {isa = PBXBuildFile; fileRef = CA51F78427FD3E66006B6D18 /* String+Extension.swift */; };
		CA51F78727FD4003006B6D18 /* UITextField+Extension.swift in Sources */ = {isa = PBXBuildFile; fileRef = CA51F78627FD4003006B6D18 /* UITextField+Extension.swift */; };
		CA51F78A27FD4612006B6D18 /* IQKeyboardManagerSwift in Frameworks */ = {isa = PBXBuildFile; productRef = CA51F78927FD4612006B6D18 /* IQKeyboardManagerSwift */; };
		CA51F78E27FD7339006B6D18 /* UIViewController+Extension.swift in Sources */ = {isa = PBXBuildFile; fileRef = CA51F78D27FD7339006B6D18 /* UIViewController+Extension.swift */; };
		CA51F79027FD85D7006B6D18 /* UIView+Extension.swift in Sources */ = {isa = PBXBuildFile; fileRef = CA51F78F27FD85D7006B6D18 /* UIView+Extension.swift */; };
		CA51F79327FD89CA006B6D18 /* DrinkWaterViewModel.swift in Sources */ = {isa = PBXBuildFile; fileRef = CA51F79227FD89CA006B6D18 /* DrinkWaterViewModel.swift */; };
		CA51F79527FDA5DC006B6D18 /* Double+Extension.swift in Sources */ = {isa = PBXBuildFile; fileRef = CA51F79427FDA5DC006B6D18 /* Double+Extension.swift */; };
		CA51F79728012DED006B6D18 /* NSNotification.Name+Extension.swift in Sources */ = {isa = PBXBuildFile; fileRef = CA51F79628012DED006B6D18 /* NSNotification.Name+Extension.swift */; };
/* End PBXBuildFile section */

/* Begin PBXFileReference section */
		CA51F74127FAC07C006B6D18 /* DrinkWater.app */ = {isa = PBXFileReference; explicitFileType = wrapper.application; includeInIndex = 0; path = DrinkWater.app; sourceTree = BUILT_PRODUCTS_DIR; };
		CA51F74427FAC07C006B6D18 /* AppDelegate.swift */ = {isa = PBXFileReference; lastKnownFileType = sourcecode.swift; path = AppDelegate.swift; sourceTree = "<group>"; };
		CA51F74627FAC07C006B6D18 /* SceneDelegate.swift */ = {isa = PBXFileReference; lastKnownFileType = sourcecode.swift; path = SceneDelegate.swift; sourceTree = "<group>"; };
		CA51F74D27FAC07D006B6D18 /* Assets.xcassets */ = {isa = PBXFileReference; lastKnownFileType = folder.assetcatalog; path = Assets.xcassets; sourceTree = "<group>"; };
		CA51F75027FAC07D006B6D18 /* Base */ = {isa = PBXFileReference; lastKnownFileType = file.storyboard; name = Base; path = Base.lproj/LaunchScreen.storyboard; sourceTree = "<group>"; };
		CA51F75227FAC07D006B6D18 /* Info.plist */ = {isa = PBXFileReference; lastKnownFileType = text.plist.xml; path = Info.plist; sourceTree = "<group>"; };
		CA51F75927FAC130006B6D18 /* DrinkWaterView.swift */ = {isa = PBXFileReference; lastKnownFileType = sourcecode.swift; path = DrinkWaterView.swift; sourceTree = "<group>"; };
		CA51F75B27FAC13C006B6D18 /* DrinkWaterViewController.swift */ = {isa = PBXFileReference; lastKnownFileType = sourcecode.swift; path = DrinkWaterViewController.swift; sourceTree = "<group>"; };
		CA51F76027FAC17F006B6D18 /* ViewPresentable.swift */ = {isa = PBXFileReference; lastKnownFileType = sourcecode.swift; path = ViewPresentable.swift; sourceTree = "<group>"; };
		CA51F76327FAC6BD006B6D18 /* Assets+Generated.swift */ = {isa = PBXFileReference; fileEncoding = 4; lastKnownFileType = sourcecode.swift; path = "Assets+Generated.swift"; sourceTree = "<group>"; };
		CA51F76E27FAC896006B6D18 /* cactus.json */ = {isa = PBXFileReference; fileEncoding = 4; lastKnownFileType = text.json; path = cactus.json; sourceTree = "<group>"; };
		CA51F77027FAD7B4006B6D18 /* LaunchScreenViewController.swift */ = {isa = PBXFileReference; lastKnownFileType = sourcecode.swift; path = LaunchScreenViewController.swift; sourceTree = "<group>"; };
		CA51F77327FAE55D006B6D18 /* ProfileView.swift */ = {isa = PBXFileReference; lastKnownFileType = sourcecode.swift; path = ProfileView.swift; sourceTree = "<group>"; };
		CA51F77527FAE565006B6D18 /* ProfileViewController.swift */ = {isa = PBXFileReference; lastKnownFileType = sourcecode.swift; path = ProfileViewController.swift; sourceTree = "<group>"; };
		CA51F77827FAEA33006B6D18 /* ProfileInputView.swift */ = {isa = PBXFileReference; lastKnownFileType = sourcecode.swift; path = ProfileInputView.swift; sourceTree = "<group>"; };
		CA51F77A27FAEAF2006B6D18 /* ProfileTextField.swift */ = {isa = PBXFileReference; lastKnownFileType = sourcecode.swift; path = ProfileTextField.swift; sourceTree = "<group>"; };
		CA51F78027FC8B60006B6D18 /* UserDefaults+Extension.swift */ = {isa = PBXFileReference; lastKnownFileType = sourcecode.swift; path = "UserDefaults+Extension.swift"; sourceTree = "<group>"; };
		CA51F78227FD3935006B6D18 /* UserInfoValidator.swift */ = {isa = PBXFileReference; lastKnownFileType = sourcecode.swift; path = UserInfoValidator.swift; sourceTree = "<group>"; };
		CA51F78427FD3E66006B6D18 /* String+Extension.swift */ = {isa = PBXFileReference; lastKnownFileType = sourcecode.swift; path = "String+Extension.swift"; sourceTree = "<group>"; };
		CA51F78627FD4003006B6D18 /* UITextField+Extension.swift */ = {isa = PBXFileReference; lastKnownFileType = sourcecode.swift; path = "UITextField+Extension.swift"; sourceTree = "<group>"; };
		CA51F78D27FD7339006B6D18 /* UIViewController+Extension.swift */ = {isa = PBXFileReference; lastKnownFileType = sourcecode.swift; path = "UIViewController+Extension.swift"; sourceTree = "<group>"; };
		CA51F78F27FD85D7006B6D18 /* UIView+Extension.swift */ = {isa = PBXFileReference; lastKnownFileType = sourcecode.swift; path = "UIView+Extension.swift"; sourceTree = "<group>"; };
		CA51F79227FD89CA006B6D18 /* DrinkWaterViewModel.swift */ = {isa = PBXFileReference; lastKnownFileType = sourcecode.swift; path = DrinkWaterViewModel.swift; sourceTree = "<group>"; };
		CA51F79427FDA5DC006B6D18 /* Double+Extension.swift */ = {isa = PBXFileReference; lastKnownFileType = sourcecode.swift; path = "Double+Extension.swift"; sourceTree = "<group>"; };
		CA51F79628012DED006B6D18 /* NSNotification.Name+Extension.swift */ = {isa = PBXFileReference; lastKnownFileType = sourcecode.swift; path = "NSNotification.Name+Extension.swift"; sourceTree = "<group>"; };
/* End PBXFileReference section */

/* Begin PBXFrameworksBuildPhase section */
		CA51F73E27FAC07C006B6D18 /* Frameworks */ = {
			isa = PBXFrameworksBuildPhase;
			buildActionMask = 2147483647;
			files = (
				CA51F76727FAC76F006B6D18 /* Lottie in Frameworks */,
				CA51F78A27FD4612006B6D18 /* IQKeyboardManagerSwift in Frameworks */,
				CA51F76D27FAC787006B6D18 /* Then in Frameworks */,
				CA51F76A27FAC77D006B6D18 /* SnapKit in Frameworks */,
			);
			runOnlyForDeploymentPostprocessing = 0;
		};
/* End PBXFrameworksBuildPhase section */

/* Begin PBXGroup section */
		CA51F73827FAC07C006B6D18 = {
			isa = PBXGroup;
			children = (
				CA51F74327FAC07C006B6D18 /* DrinkWater */,
				CA51F74227FAC07C006B6D18 /* Products */,
			);
			sourceTree = "<group>";
		};
		CA51F74227FAC07C006B6D18 /* Products */ = {
			isa = PBXGroup;
			children = (
				CA51F74127FAC07C006B6D18 /* DrinkWater.app */,
			);
			name = Products;
			sourceTree = "<group>";
		};
		CA51F74327FAC07C006B6D18 /* DrinkWater */ = {
			isa = PBXGroup;
			children = (
				CA51F76E27FAC896006B6D18 /* cactus.json */,
				CA51F75227FAC07D006B6D18 /* Info.plist */,
				CA51F74427FAC07C006B6D18 /* AppDelegate.swift */,
				CA51F76327FAC6BD006B6D18 /* Assets+Generated.swift */,
				CA51F74627FAC07C006B6D18 /* SceneDelegate.swift */,
				CA51F74D27FAC07D006B6D18 /* Assets.xcassets */,
				CA51F77727FAEA16006B6D18 /* Custom */,
				CA51F77F27FC8B54006B6D18 /* Extension */,
				CA51F74F27FAC07D006B6D18 /* LaunchScreen.storyboard */,
				CA51F75D27FAC145006B6D18 /* Protocol */,
				CA51F75827FAC121006B6D18 /* View */,
				CA51F79127FD89C1006B6D18 /* ViewModel */,
			);
			path = DrinkWater;
			sourceTree = "<group>";
		};
		CA51F75827FAC121006B6D18 /* View */ = {
			isa = PBXGroup;
			children = (
				CA51F75927FAC130006B6D18 /* DrinkWaterView.swift */,
				CA51F75B27FAC13C006B6D18 /* DrinkWaterViewController.swift */,
				CA51F77027FAD7B4006B6D18 /* LaunchScreenViewController.swift */,
				CA51F77327FAE55D006B6D18 /* ProfileView.swift */,
				CA51F77527FAE565006B6D18 /* ProfileViewController.swift */,
			);
			path = View;
			sourceTree = "<group>";
		};
		CA51F75D27FAC145006B6D18 /* Protocol */ = {
			isa = PBXGroup;
			children = (
				CA51F76027FAC17F006B6D18 /* ViewPresentable.swift */,
			);
			path = Protocol;
			sourceTree = "<group>";
		};
		CA51F77727FAEA16006B6D18 /* Custom */ = {
			isa = PBXGroup;
			children = (
				CA51F77827FAEA33006B6D18 /* ProfileInputView.swift */,
				CA51F77A27FAEAF2006B6D18 /* ProfileTextField.swift */,
				CA51F78227FD3935006B6D18 /* UserInfoValidator.swift */,
			);
			path = Custom;
			sourceTree = "<group>";
		};
		CA51F77F27FC8B54006B6D18 /* Extension */ = {
			isa = PBXGroup;
			children = (
				CA51F78027FC8B60006B6D18 /* UserDefaults+Extension.swift */,
				CA51F78627FD4003006B6D18 /* UITextField+Extension.swift */,
				CA51F78427FD3E66006B6D18 /* String+Extension.swift */,
				CA51F78D27FD7339006B6D18 /* UIViewController+Extension.swift */,
				CA51F78F27FD85D7006B6D18 /* UIView+Extension.swift */,
				CA51F79427FDA5DC006B6D18 /* Double+Extension.swift */,
				CA51F79628012DED006B6D18 /* NSNotification.Name+Extension.swift */,
			);
			path = Extension;
			sourceTree = "<group>";
		};
		CA51F79127FD89C1006B6D18 /* ViewModel */ = {
			isa = PBXGroup;
			children = (
				CA51F79227FD89CA006B6D18 /* DrinkWaterViewModel.swift */,
			);
			path = ViewModel;
			sourceTree = "<group>";
		};
/* End PBXGroup section */

/* Begin PBXNativeTarget section */
		CA51F74027FAC07C006B6D18 /* DrinkWater */ = {
			isa = PBXNativeTarget;
			buildConfigurationList = CA51F75527FAC07D006B6D18 /* Build configuration list for PBXNativeTarget "DrinkWater" */;
			buildPhases = (
				CA51F73D27FAC07C006B6D18 /* Sources */,
				CA51F73E27FAC07C006B6D18 /* Frameworks */,
				CA51F73F27FAC07C006B6D18 /* Resources */,
				CA51F76227FAC647006B6D18 /* SwiftGen Run Script */,
			);
			buildRules = (
			);
			dependencies = (
			);
			name = DrinkWater;
			packageProductDependencies = (
				CA51F76627FAC76F006B6D18 /* Lottie */,
				CA51F76927FAC77D006B6D18 /* SnapKit */,
				CA51F76C27FAC787006B6D18 /* Then */,
				CA51F78927FD4612006B6D18 /* IQKeyboardManagerSwift */,
			);
			productName = DrinkWater;
			productReference = CA51F74127FAC07C006B6D18 /* DrinkWater.app */;
			productType = "com.apple.product-type.application";
		};
/* End PBXNativeTarget section */

/* Begin PBXProject section */
		CA51F73927FAC07C006B6D18 /* Project object */ = {
			isa = PBXProject;
			attributes = {
				BuildIndependentTargetsInParallel = 1;
				LastSwiftUpdateCheck = 1330;
				LastUpgradeCheck = 1330;
				TargetAttributes = {
					CA51F74027FAC07C006B6D18 = {
						CreatedOnToolsVersion = 13.3;
					};
				};
			};
			buildConfigurationList = CA51F73C27FAC07C006B6D18 /* Build configuration list for PBXProject "DrinkWater" */;
			compatibilityVersion = "Xcode 13.0";
			developmentRegion = en;
			hasScannedForEncodings = 0;
			knownRegions = (
				en,
				Base,
			);
			mainGroup = CA51F73827FAC07C006B6D18;
			packageReferences = (
				CA51F76527FAC76F006B6D18 /* XCRemoteSwiftPackageReference "lottie-ios" */,
				CA51F76827FAC77D006B6D18 /* XCRemoteSwiftPackageReference "SnapKit" */,
				CA51F76B27FAC787006B6D18 /* XCRemoteSwiftPackageReference "Then" */,
				CA51F78827FD4612006B6D18 /* XCRemoteSwiftPackageReference "IQKeyboardManager" */,
			);
			productRefGroup = CA51F74227FAC07C006B6D18 /* Products */;
			projectDirPath = "";
			projectRoot = "";
			targets = (
				CA51F74027FAC07C006B6D18 /* DrinkWater */,
			);
		};
/* End PBXProject section */

/* Begin PBXResourcesBuildPhase section */
		CA51F73F27FAC07C006B6D18 /* Resources */ = {
			isa = PBXResourcesBuildPhase;
			buildActionMask = 2147483647;
			files = (
				CA51F76F27FAC896006B6D18 /* cactus.json in Resources */,
				CA51F75127FAC07D006B6D18 /* LaunchScreen.storyboard in Resources */,
				CA51F74E27FAC07D006B6D18 /* Assets.xcassets in Resources */,
			);
			runOnlyForDeploymentPostprocessing = 0;
		};
/* End PBXResourcesBuildPhase section */

/* Begin PBXShellScriptBuildPhase section */
		CA51F76227FAC647006B6D18 /* SwiftGen Run Script */ = {
			isa = PBXShellScriptBuildPhase;
			buildActionMask = 2147483647;
			files = (
			);
			inputFileListPaths = (
			);
			inputPaths = (
			);
			name = "SwiftGen Run Script";
			outputFileListPaths = (
			);
			outputPaths = (
			);
			runOnlyForDeploymentPostprocessing = 0;
			shellPath = /bin/sh;
			shellScript = "# Type a script or drag a script file from your workspace to insert its path.\n\nswiftgen run xcassets --param enumName=Assets ${TARGETNAME}/Assets.xcassets -t swift5 --output \"${TARGETNAME}/Assets+Generated.swift\"\n";
		};
/* End PBXShellScriptBuildPhase section */

/* Begin PBXSourcesBuildPhase section */
		CA51F73D27FAC07C006B6D18 /* Sources */ = {
			isa = PBXSourcesBuildPhase;
			buildActionMask = 2147483647;
			files = (
				CA51F78E27FD7339006B6D18 /* UIViewController+Extension.swift in Sources */,
				CA51F79327FD89CA006B6D18 /* DrinkWaterViewModel.swift in Sources */,
				CA51F78727FD4003006B6D18 /* UITextField+Extension.swift in Sources */,
				CA51F77427FAE55D006B6D18 /* ProfileView.swift in Sources */,
				CA51F76127FAC17F006B6D18 /* ViewPresentable.swift in Sources */,
				CA51F75A27FAC130006B6D18 /* DrinkWaterView.swift in Sources */,
				CA51F77927FAEA33006B6D18 /* ProfileInputView.swift in Sources */,
				CA51F77B27FAEAF2006B6D18 /* ProfileTextField.swift in Sources */,
				CA51F79027FD85D7006B6D18 /* UIView+Extension.swift in Sources */,
				CA51F76427FAC6BD006B6D18 /* Assets+Generated.swift in Sources */,
				CA51F74527FAC07C006B6D18 /* AppDelegate.swift in Sources */,
				CA51F79527FDA5DC006B6D18 /* Double+Extension.swift in Sources */,
				CA51F74727FAC07C006B6D18 /* SceneDelegate.swift in Sources */,
				CA51F79728012DED006B6D18 /* NSNotification.Name+Extension.swift in Sources */,
				CA51F78527FD3E66006B6D18 /* String+Extension.swift in Sources */,
				CA51F78327FD3935006B6D18 /* UserInfoValidator.swift in Sources */,
				CA51F77627FAE565006B6D18 /* ProfileViewController.swift in Sources */,
				CA51F75C27FAC13C006B6D18 /* DrinkWaterViewController.swift in Sources */,
				CA51F78127FC8B60006B6D18 /* UserDefaults+Extension.swift in Sources */,
				CA51F77127FAD7B4006B6D18 /* LaunchScreenViewController.swift in Sources */,
			);
			runOnlyForDeploymentPostprocessing = 0;
		};
/* End PBXSourcesBuildPhase section */

/* Begin PBXVariantGroup section */
		CA51F74F27FAC07D006B6D18 /* LaunchScreen.storyboard */ = {
			isa = PBXVariantGroup;
			children = (
				CA51F75027FAC07D006B6D18 /* Base */,
			);
			name = LaunchScreen.storyboard;
			sourceTree = "<group>";
		};
/* End PBXVariantGroup section */

/* Begin XCBuildConfiguration section */
		CA51F75327FAC07D006B6D18 /* Debug */ = {
			isa = XCBuildConfiguration;
			buildSettings = {
				ALWAYS_SEARCH_USER_PATHS = NO;
				CLANG_ANALYZER_NONNULL = YES;
				CLANG_ANALYZER_NUMBER_OBJECT_CONVERSION = YES_AGGRESSIVE;
				CLANG_CXX_LANGUAGE_STANDARD = "gnu++17";
				CLANG_ENABLE_MODULES = YES;
				CLANG_ENABLE_OBJC_ARC = YES;
				CLANG_ENABLE_OBJC_WEAK = YES;
				CLANG_WARN_BLOCK_CAPTURE_AUTORELEASING = YES;
				CLANG_WARN_BOOL_CONVERSION = YES;
				CLANG_WARN_COMMA = YES;
				CLANG_WARN_CONSTANT_CONVERSION = YES;
				CLANG_WARN_DEPRECATED_OBJC_IMPLEMENTATIONS = YES;
				CLANG_WARN_DIRECT_OBJC_ISA_USAGE = YES_ERROR;
				CLANG_WARN_DOCUMENTATION_COMMENTS = YES;
				CLANG_WARN_EMPTY_BODY = YES;
				CLANG_WARN_ENUM_CONVERSION = YES;
				CLANG_WARN_INFINITE_RECURSION = YES;
				CLANG_WARN_INT_CONVERSION = YES;
				CLANG_WARN_NON_LITERAL_NULL_CONVERSION = YES;
				CLANG_WARN_OBJC_IMPLICIT_RETAIN_SELF = YES;
				CLANG_WARN_OBJC_LITERAL_CONVERSION = YES;
				CLANG_WARN_OBJC_ROOT_CLASS = YES_ERROR;
				CLANG_WARN_QUOTED_INCLUDE_IN_FRAMEWORK_HEADER = YES;
				CLANG_WARN_RANGE_LOOP_ANALYSIS = YES;
				CLANG_WARN_STRICT_PROTOTYPES = YES;
				CLANG_WARN_SUSPICIOUS_MOVE = YES;
				CLANG_WARN_UNGUARDED_AVAILABILITY = YES_AGGRESSIVE;
				CLANG_WARN_UNREACHABLE_CODE = YES;
				CLANG_WARN__DUPLICATE_METHOD_MATCH = YES;
				COPY_PHASE_STRIP = NO;
				DEBUG_INFORMATION_FORMAT = dwarf;
				ENABLE_STRICT_OBJC_MSGSEND = YES;
				ENABLE_TESTABILITY = YES;
				GCC_C_LANGUAGE_STANDARD = gnu11;
				GCC_DYNAMIC_NO_PIC = NO;
				GCC_NO_COMMON_BLOCKS = YES;
				GCC_OPTIMIZATION_LEVEL = 0;
				GCC_PREPROCESSOR_DEFINITIONS = (
					"DEBUG=1",
					"$(inherited)",
				);
				GCC_WARN_64_TO_32_BIT_CONVERSION = YES;
				GCC_WARN_ABOUT_RETURN_TYPE = YES_ERROR;
				GCC_WARN_UNDECLARED_SELECTOR = YES;
				GCC_WARN_UNINITIALIZED_AUTOS = YES_AGGRESSIVE;
				GCC_WARN_UNUSED_FUNCTION = YES;
				GCC_WARN_UNUSED_VARIABLE = YES;
				IPHONEOS_DEPLOYMENT_TARGET = 13.0;
				MTL_ENABLE_DEBUG_INFO = INCLUDE_SOURCE;
				MTL_FAST_MATH = YES;
				ONLY_ACTIVE_ARCH = YES;
				SDKROOT = iphoneos;
				SWIFT_ACTIVE_COMPILATION_CONDITIONS = DEBUG;
				SWIFT_OPTIMIZATION_LEVEL = "-Onone";
			};
			name = Debug;
		};
		CA51F75427FAC07D006B6D18 /* Release */ = {
			isa = XCBuildConfiguration;
			buildSettings = {
				ALWAYS_SEARCH_USER_PATHS = NO;
				CLANG_ANALYZER_NONNULL = YES;
				CLANG_ANALYZER_NUMBER_OBJECT_CONVERSION = YES_AGGRESSIVE;
				CLANG_CXX_LANGUAGE_STANDARD = "gnu++17";
				CLANG_ENABLE_MODULES = YES;
				CLANG_ENABLE_OBJC_ARC = YES;
				CLANG_ENABLE_OBJC_WEAK = YES;
				CLANG_WARN_BLOCK_CAPTURE_AUTORELEASING = YES;
				CLANG_WARN_BOOL_CONVERSION = YES;
				CLANG_WARN_COMMA = YES;
				CLANG_WARN_CONSTANT_CONVERSION = YES;
				CLANG_WARN_DEPRECATED_OBJC_IMPLEMENTATIONS = YES;
				CLANG_WARN_DIRECT_OBJC_ISA_USAGE = YES_ERROR;
				CLANG_WARN_DOCUMENTATION_COMMENTS = YES;
				CLANG_WARN_EMPTY_BODY = YES;
				CLANG_WARN_ENUM_CONVERSION = YES;
				CLANG_WARN_INFINITE_RECURSION = YES;
				CLANG_WARN_INT_CONVERSION = YES;
				CLANG_WARN_NON_LITERAL_NULL_CONVERSION = YES;
				CLANG_WARN_OBJC_IMPLICIT_RETAIN_SELF = YES;
				CLANG_WARN_OBJC_LITERAL_CONVERSION = YES;
				CLANG_WARN_OBJC_ROOT_CLASS = YES_ERROR;
				CLANG_WARN_QUOTED_INCLUDE_IN_FRAMEWORK_HEADER = YES;
				CLANG_WARN_RANGE_LOOP_ANALYSIS = YES;
				CLANG_WARN_STRICT_PROTOTYPES = YES;
				CLANG_WARN_SUSPICIOUS_MOVE = YES;
				CLANG_WARN_UNGUARDED_AVAILABILITY = YES_AGGRESSIVE;
				CLANG_WARN_UNREACHABLE_CODE = YES;
				CLANG_WARN__DUPLICATE_METHOD_MATCH = YES;
				COPY_PHASE_STRIP = NO;
				DEBUG_INFORMATION_FORMAT = "dwarf-with-dsym";
				ENABLE_NS_ASSERTIONS = NO;
				ENABLE_STRICT_OBJC_MSGSEND = YES;
				GCC_C_LANGUAGE_STANDARD = gnu11;
				GCC_NO_COMMON_BLOCKS = YES;
				GCC_WARN_64_TO_32_BIT_CONVERSION = YES;
				GCC_WARN_ABOUT_RETURN_TYPE = YES_ERROR;
				GCC_WARN_UNDECLARED_SELECTOR = YES;
				GCC_WARN_UNINITIALIZED_AUTOS = YES_AGGRESSIVE;
				GCC_WARN_UNUSED_FUNCTION = YES;
				GCC_WARN_UNUSED_VARIABLE = YES;
				IPHONEOS_DEPLOYMENT_TARGET = 13.0;
				MTL_ENABLE_DEBUG_INFO = NO;
				MTL_FAST_MATH = YES;
				SDKROOT = iphoneos;
				SWIFT_COMPILATION_MODE = wholemodule;
				SWIFT_OPTIMIZATION_LEVEL = "-O";
				VALIDATE_PRODUCT = YES;
			};
			name = Release;
		};
		CA51F75627FAC07D006B6D18 /* Debug */ = {
			isa = XCBuildConfiguration;
			buildSettings = {
				ASSETCATALOG_COMPILER_APPICON_NAME = AppIcon;
				ASSETCATALOG_COMPILER_GLOBAL_ACCENT_COLOR_NAME = AccentColor;
				CODE_SIGN_STYLE = Automatic;
				CURRENT_PROJECT_VERSION = 1;
				DEVELOPMENT_TEAM = UN2K8CY256;
				GENERATE_INFOPLIST_FILE = YES;
				INFOPLIST_FILE = DrinkWater/Info.plist;
				INFOPLIST_KEY_UIApplicationSupportsIndirectInputEvents = YES;
				INFOPLIST_KEY_UILaunchStoryboardName = LaunchScreen;
				INFOPLIST_KEY_UISupportedInterfaceOrientations = UIInterfaceOrientationPortrait;
				INFOPLIST_KEY_UISupportedInterfaceOrientations_iPad = "UIInterfaceOrientationPortrait UIInterfaceOrientationPortraitUpsideDown UIInterfaceOrientationLandscapeLeft UIInterfaceOrientationLandscapeRight";
				INFOPLIST_KEY_UISupportedInterfaceOrientations_iPhone = "UIInterfaceOrientationPortrait UIInterfaceOrientationLandscapeLeft UIInterfaceOrientationLandscapeRight";
				LD_RUNPATH_SEARCH_PATHS = (
					"$(inherited)",
					"@executable_path/Frameworks",
				);
				MARKETING_VERSION = 1.0;
				PRODUCT_BUNDLE_IDENTIFIER = com.bene.DrinkWater;
				PRODUCT_NAME = "$(TARGET_NAME)";
				SWIFT_EMIT_LOC_STRINGS = YES;
				SWIFT_VERSION = 5.0;
				TARGETED_DEVICE_FAMILY = "1,2";
			};
			name = Debug;
		};
		CA51F75727FAC07D006B6D18 /* Release */ = {
			isa = XCBuildConfiguration;
			buildSettings = {
				ASSETCATALOG_COMPILER_APPICON_NAME = AppIcon;
				ASSETCATALOG_COMPILER_GLOBAL_ACCENT_COLOR_NAME = AccentColor;
				CODE_SIGN_STYLE = Automatic;
				CURRENT_PROJECT_VERSION = 1;
				DEVELOPMENT_TEAM = UN2K8CY256;
				GENERATE_INFOPLIST_FILE = YES;
				INFOPLIST_FILE = DrinkWater/Info.plist;
				INFOPLIST_KEY_UIApplicationSupportsIndirectInputEvents = YES;
				INFOPLIST_KEY_UILaunchStoryboardName = LaunchScreen;
				INFOPLIST_KEY_UISupportedInterfaceOrientations = UIInterfaceOrientationPortrait;
				INFOPLIST_KEY_UISupportedInterfaceOrientations_iPad = "UIInterfaceOrientationPortrait UIInterfaceOrientationPortraitUpsideDown UIInterfaceOrientationLandscapeLeft UIInterfaceOrientationLandscapeRight";
				INFOPLIST_KEY_UISupportedInterfaceOrientations_iPhone = "UIInterfaceOrientationPortrait UIInterfaceOrientationLandscapeLeft UIInterfaceOrientationLandscapeRight";
				LD_RUNPATH_SEARCH_PATHS = (
					"$(inherited)",
					"@executable_path/Frameworks",
				);
				MARKETING_VERSION = 1.0;
				PRODUCT_BUNDLE_IDENTIFIER = com.bene.DrinkWater;
				PRODUCT_NAME = "$(TARGET_NAME)";
				SWIFT_EMIT_LOC_STRINGS = YES;
				SWIFT_VERSION = 5.0;
				TARGETED_DEVICE_FAMILY = "1,2";
			};
			name = Release;
		};
/* End XCBuildConfiguration section */

/* Begin XCConfigurationList section */
		CA51F73C27FAC07C006B6D18 /* Build configuration list for PBXProject "DrinkWater" */ = {
			isa = XCConfigurationList;
			buildConfigurations = (
				CA51F75327FAC07D006B6D18 /* Debug */,
				CA51F75427FAC07D006B6D18 /* Release */,
			);
			defaultConfigurationIsVisible = 0;
			defaultConfigurationName = Release;
		};
		CA51F75527FAC07D006B6D18 /* Build configuration list for PBXNativeTarget "DrinkWater" */ = {
			isa = XCConfigurationList;
			buildConfigurations = (
				CA51F75627FAC07D006B6D18 /* Debug */,
				CA51F75727FAC07D006B6D18 /* Release */,
			);
			defaultConfigurationIsVisible = 0;
			defaultConfigurationName = Release;
		};
/* End XCConfigurationList section */

/* Begin XCRemoteSwiftPackageReference section */
		CA51F76527FAC76F006B6D18 /* XCRemoteSwiftPackageReference "lottie-ios" */ = {
			isa = XCRemoteSwiftPackageReference;
			repositoryURL = "https://github.com/airbnb/lottie-ios";
			requirement = {
				branch = master;
				kind = branch;
			};
		};
		CA51F76827FAC77D006B6D18 /* XCRemoteSwiftPackageReference "SnapKit" */ = {
			isa = XCRemoteSwiftPackageReference;
			repositoryURL = "https://github.com/SnapKit/SnapKit";
			requirement = {
				branch = develop;
				kind = branch;
			};
		};
		CA51F76B27FAC787006B6D18 /* XCRemoteSwiftPackageReference "Then" */ = {
			isa = XCRemoteSwiftPackageReference;
			repositoryURL = "https://github.com/devxoul/Then";
			requirement = {
				branch = master;
				kind = branch;
			};
		};
		CA51F78827FD4612006B6D18 /* XCRemoteSwiftPackageReference "IQKeyboardManager" */ = {
			isa = XCRemoteSwiftPackageReference;
			repositoryURL = "https://github.com/hackiftekhar/IQKeyboardManager.git";
			requirement = {
				branch = master;
				kind = branch;
			};
		};
/* End XCRemoteSwiftPackageReference section */

/* Begin XCSwiftPackageProductDependency section */
		CA51F76627FAC76F006B6D18 /* Lottie */ = {
			isa = XCSwiftPackageProductDependency;
			package = CA51F76527FAC76F006B6D18 /* XCRemoteSwiftPackageReference "lottie-ios" */;
			productName = Lottie;
		};
		CA51F76927FAC77D006B6D18 /* SnapKit */ = {
			isa = XCSwiftPackageProductDependency;
			package = CA51F76827FAC77D006B6D18 /* XCRemoteSwiftPackageReference "SnapKit" */;
			productName = SnapKit;
		};
		CA51F76C27FAC787006B6D18 /* Then */ = {
			isa = XCSwiftPackageProductDependency;
			package = CA51F76B27FAC787006B6D18 /* XCRemoteSwiftPackageReference "Then" */;
			productName = Then;
		};
		CA51F78927FD4612006B6D18 /* IQKeyboardManagerSwift */ = {
			isa = XCSwiftPackageProductDependency;
			package = CA51F78827FD4612006B6D18 /* XCRemoteSwiftPackageReference "IQKeyboardManager" */;
			productName = IQKeyboardManagerSwift;
		};
/* End XCSwiftPackageProductDependency section */
	};
	rootObject = CA51F73927FAC07C006B6D18 /* Project object */;
}
