// !$*UTF8*$!
{
	archiveVersion = 1;
	classes = {
	};
	objectVersion = 55;
	objects = {

/* Begin PBXBuildFile section */
		CA9AAFE627F33D5F007CE5E6 /* AppDelegate.swift in Sources */ = {isa = PBXBuildFile; fileRef = CA9AAFE527F33D5F007CE5E6 /* AppDelegate.swift */; };
		CA9AAFE827F33D5F007CE5E6 /* SceneDelegate.swift in Sources */ = {isa = PBXBuildFile; fileRef = CA9AAFE727F33D5F007CE5E6 /* SceneDelegate.swift */; };
		CA9AAFEA27F33D5F007CE5E6 /* ViewController.swift in Sources */ = {isa = PBXBuildFile; fileRef = CA9AAFE927F33D5F007CE5E6 /* ViewController.swift */; };
		CA9AAFED27F33D5F007CE5E6 /* Main.storyboard in Resources */ = {isa = PBXBuildFile; fileRef = CA9AAFEB27F33D5F007CE5E6 /* Main.storyboard */; };
		CA9AAFEF27F33D61007CE5E6 /* Assets.xcassets in Resources */ = {isa = PBXBuildFile; fileRef = CA9AAFEE27F33D61007CE5E6 /* Assets.xcassets */; };
		CA9AAFF227F33D61007CE5E6 /* LaunchScreen.storyboard in Resources */ = {isa = PBXBuildFile; fileRef = CA9AAFF027F33D61007CE5E6 /* LaunchScreen.storyboard */; };
		CA9AAFFA27F3FDBA007CE5E6 /* Section.swift in Sources */ = {isa = PBXBuildFile; fileRef = CA9AAFF927F3FDB9007CE5E6 /* Section.swift */; };
		CA9AB00127F406E8007CE5E6 /* SettingTableViewCell.swift in Sources */ = {isa = PBXBuildFile; fileRef = CA9AAFFF27F406E8007CE5E6 /* SettingTableViewCell.swift */; };
		CA9AB00227F406E8007CE5E6 /* SettingTableViewCell.xib in Resources */ = {isa = PBXBuildFile; fileRef = CA9AB00027F406E8007CE5E6 /* SettingTableViewCell.xib */; };
/* End PBXBuildFile section */

/* Begin PBXFileReference section */
		CA9AAFE227F33D5F007CE5E6 /* PracticeTableViewController.app */ = {isa = PBXFileReference; explicitFileType = wrapper.application; includeInIndex = 0; path = PracticeTableViewController.app; sourceTree = BUILT_PRODUCTS_DIR; };
		CA9AAFE527F33D5F007CE5E6 /* AppDelegate.swift */ = {isa = PBXFileReference; lastKnownFileType = sourcecode.swift; path = AppDelegate.swift; sourceTree = "<group>"; };
		CA9AAFE727F33D5F007CE5E6 /* SceneDelegate.swift */ = {isa = PBXFileReference; lastKnownFileType = sourcecode.swift; path = SceneDelegate.swift; sourceTree = "<group>"; };
		CA9AAFE927F33D5F007CE5E6 /* ViewController.swift */ = {isa = PBXFileReference; lastKnownFileType = sourcecode.swift; path = ViewController.swift; sourceTree = "<group>"; };
		CA9AAFEC27F33D5F007CE5E6 /* Base */ = {isa = PBXFileReference; lastKnownFileType = file.storyboard; name = Base; path = Base.lproj/Main.storyboard; sourceTree = "<group>"; };
		CA9AAFEE27F33D61007CE5E6 /* Assets.xcassets */ = {isa = PBXFileReference; lastKnownFileType = folder.assetcatalog; path = Assets.xcassets; sourceTree = "<group>"; };
		CA9AAFF127F33D61007CE5E6 /* Base */ = {isa = PBXFileReference; lastKnownFileType = file.storyboard; name = Base; path = Base.lproj/LaunchScreen.storyboard; sourceTree = "<group>"; };
		CA9AAFF327F33D61007CE5E6 /* Info.plist */ = {isa = PBXFileReference; lastKnownFileType = text.plist.xml; path = Info.plist; sourceTree = "<group>"; };
		CA9AAFF927F3FDB9007CE5E6 /* Section.swift */ = {isa = PBXFileReference; lastKnownFileType = sourcecode.swift; path = Section.swift; sourceTree = "<group>"; };
		CA9AAFFF27F406E8007CE5E6 /* SettingTableViewCell.swift */ = {isa = PBXFileReference; lastKnownFileType = sourcecode.swift; path = SettingTableViewCell.swift; sourceTree = "<group>"; };
		CA9AB00027F406E8007CE5E6 /* SettingTableViewCell.xib */ = {isa = PBXFileReference; lastKnownFileType = file.xib; path = SettingTableViewCell.xib; sourceTree = "<group>"; };
/* End PBXFileReference section */

/* Begin PBXFrameworksBuildPhase section */
		CA9AAFDF27F33D5F007CE5E6 /* Frameworks */ = {
			isa = PBXFrameworksBuildPhase;
			buildActionMask = 2147483647;
			files = (
			);
			runOnlyForDeploymentPostprocessing = 0;
		};
/* End PBXFrameworksBuildPhase section */

/* Begin PBXGroup section */
		CA9AAFD927F33D5F007CE5E6 = {
			isa = PBXGroup;
			children = (
				CA9AAFE427F33D5F007CE5E6 /* PracticeTableViewController */,
				CA9AAFE327F33D5F007CE5E6 /* Products */,
			);
			sourceTree = "<group>";
		};
		CA9AAFE327F33D5F007CE5E6 /* Products */ = {
			isa = PBXGroup;
			children = (
				CA9AAFE227F33D5F007CE5E6 /* PracticeTableViewController.app */,
			);
			name = Products;
			sourceTree = "<group>";
		};
		CA9AAFE427F33D5F007CE5E6 /* PracticeTableViewController */ = {
			isa = PBXGroup;
			children = (
				CA9AAFE527F33D5F007CE5E6 /* AppDelegate.swift */,
				CA9AAFE727F33D5F007CE5E6 /* SceneDelegate.swift */,
				CA9AAFE927F33D5F007CE5E6 /* ViewController.swift */,
				CA9AAFEB27F33D5F007CE5E6 /* Main.storyboard */,
				CA9AAFEE27F33D61007CE5E6 /* Assets.xcassets */,
				CA9AAFF027F33D61007CE5E6 /* LaunchScreen.storyboard */,
				CA9AAFF327F33D61007CE5E6 /* Info.plist */,
				CA9AAFF927F3FDB9007CE5E6 /* Section.swift */,
				CA9AAFFF27F406E8007CE5E6 /* SettingTableViewCell.swift */,
				CA9AB00027F406E8007CE5E6 /* SettingTableViewCell.xib */,
			);
			path = PracticeTableViewController;
			sourceTree = "<group>";
		};
/* End PBXGroup section */

/* Begin PBXNativeTarget section */
		CA9AAFE127F33D5F007CE5E6 /* PracticeTableViewController */ = {
			isa = PBXNativeTarget;
			buildConfigurationList = CA9AAFF627F33D61007CE5E6 /* Build configuration list for PBXNativeTarget "PracticeTableViewController" */;
			buildPhases = (
				CA9AAFDE27F33D5F007CE5E6 /* Sources */,
				CA9AAFDF27F33D5F007CE5E6 /* Frameworks */,
				CA9AAFE027F33D5F007CE5E6 /* Resources */,
			);
			buildRules = (
			);
			dependencies = (
			);
			name = PracticeTableViewController;
			productName = PracticeTableViewController;
			productReference = CA9AAFE227F33D5F007CE5E6 /* PracticeTableViewController.app */;
			productType = "com.apple.product-type.application";
		};
/* End PBXNativeTarget section */

/* Begin PBXProject section */
		CA9AAFDA27F33D5F007CE5E6 /* Project object */ = {
			isa = PBXProject;
			attributes = {
				BuildIndependentTargetsInParallel = 1;
				LastSwiftUpdateCheck = 1330;
				LastUpgradeCheck = 1330;
				TargetAttributes = {
					CA9AAFE127F33D5F007CE5E6 = {
						CreatedOnToolsVersion = 13.3;
					};
				};
			};
			buildConfigurationList = CA9AAFDD27F33D5F007CE5E6 /* Build configuration list for PBXProject "PracticeTableViewController" */;
			compatibilityVersion = "Xcode 13.0";
			developmentRegion = en;
			hasScannedForEncodings = 0;
			knownRegions = (
				en,
				Base,
			);
			mainGroup = CA9AAFD927F33D5F007CE5E6;
			productRefGroup = CA9AAFE327F33D5F007CE5E6 /* Products */;
			projectDirPath = "";
			projectRoot = "";
			targets = (
				CA9AAFE127F33D5F007CE5E6 /* PracticeTableViewController */,
			);
		};
/* End PBXProject section */

/* Begin PBXResourcesBuildPhase section */
		CA9AAFE027F33D5F007CE5E6 /* Resources */ = {
			isa = PBXResourcesBuildPhase;
			buildActionMask = 2147483647;
			files = (
				CA9AAFF227F33D61007CE5E6 /* LaunchScreen.storyboard in Resources */,
				CA9AAFEF27F33D61007CE5E6 /* Assets.xcassets in Resources */,
				CA9AB00227F406E8007CE5E6 /* SettingTableViewCell.xib in Resources */,
				CA9AAFED27F33D5F007CE5E6 /* Main.storyboard in Resources */,
			);
			runOnlyForDeploymentPostprocessing = 0;
		};
/* End PBXResourcesBuildPhase section */

/* Begin PBXSourcesBuildPhase section */
		CA9AAFDE27F33D5F007CE5E6 /* Sources */ = {
			isa = PBXSourcesBuildPhase;
			buildActionMask = 2147483647;
			files = (
				CA9AAFEA27F33D5F007CE5E6 /* ViewController.swift in Sources */,
				CA9AB00127F406E8007CE5E6 /* SettingTableViewCell.swift in Sources */,
				CA9AAFFA27F3FDBA007CE5E6 /* Section.swift in Sources */,
				CA9AAFE627F33D5F007CE5E6 /* AppDelegate.swift in Sources */,
				CA9AAFE827F33D5F007CE5E6 /* SceneDelegate.swift in Sources */,
			);
			runOnlyForDeploymentPostprocessing = 0;
		};
/* End PBXSourcesBuildPhase section */

/* Begin PBXVariantGroup section */
		CA9AAFEB27F33D5F007CE5E6 /* Main.storyboard */ = {
			isa = PBXVariantGroup;
			children = (
				CA9AAFEC27F33D5F007CE5E6 /* Base */,
			);
			name = Main.storyboard;
			sourceTree = "<group>";
		};
		CA9AAFF027F33D61007CE5E6 /* LaunchScreen.storyboard */ = {
			isa = PBXVariantGroup;
			children = (
				CA9AAFF127F33D61007CE5E6 /* Base */,
			);
			name = LaunchScreen.storyboard;
			sourceTree = "<group>";
		};
/* End PBXVariantGroup section */

/* Begin XCBuildConfiguration section */
		CA9AAFF427F33D61007CE5E6 /* Debug */ = {
			isa = XCBuildConfiguration;
			buildSettings = {
				ALWAYS_SEARCH_USER_PATHS = NO;
				CLANG_ANALYZER_NONNULL = YES;
				CLANG_ANALYZER_NUMBER_OBJECT_CONVERSION = YES_AGGRESSIVE;
				CLANG_CXX_LANGUAGE_STANDARD = "gnu++17";
				CLANG_ENABLE_MODULES = YES;
				CLANG_ENABLE_OBJC_ARC = YES;
				CLANG_ENABLE_OBJC_WEAK = YES;
				CLANG_WARN_BLOCK_CAPTURE_AUTORELEASING = YES;
				CLANG_WARN_BOOL_CONVERSION = YES;
				CLANG_WARN_COMMA = YES;
				CLANG_WARN_CONSTANT_CONVERSION = YES;
				CLANG_WARN_DEPRECATED_OBJC_IMPLEMENTATIONS = YES;
				CLANG_WARN_DIRECT_OBJC_ISA_USAGE = YES_ERROR;
				CLANG_WARN_DOCUMENTATION_COMMENTS = YES;
				CLANG_WARN_EMPTY_BODY = YES;
				CLANG_WARN_ENUM_CONVERSION = YES;
				CLANG_WARN_INFINITE_RECURSION = YES;
				CLANG_WARN_INT_CONVERSION = YES;
				CLANG_WARN_NON_LITERAL_NULL_CONVERSION = YES;
				CLANG_WARN_OBJC_IMPLICIT_RETAIN_SELF = YES;
				CLANG_WARN_OBJC_LITERAL_CONVERSION = YES;
				CLANG_WARN_OBJC_ROOT_CLASS = YES_ERROR;
				CLANG_WARN_QUOTED_INCLUDE_IN_FRAMEWORK_HEADER = YES;
				CLANG_WARN_RANGE_LOOP_ANALYSIS = YES;
				CLANG_WARN_STRICT_PROTOTYPES = YES;
				CLANG_WARN_SUSPICIOUS_MOVE = YES;
				CLANG_WARN_UNGUARDED_AVAILABILITY = YES_AGGRESSIVE;
				CLANG_WARN_UNREACHABLE_CODE = YES;
				CLANG_WARN__DUPLICATE_METHOD_MATCH = YES;
				COPY_PHASE_STRIP = NO;
				DEBUG_INFORMATION_FORMAT = dwarf;
				ENABLE_STRICT_OBJC_MSGSEND = YES;
				ENABLE_TESTABILITY = YES;
				GCC_C_LANGUAGE_STANDARD = gnu11;
				GCC_DYNAMIC_NO_PIC = NO;
				GCC_NO_COMMON_BLOCKS = YES;
				GCC_OPTIMIZATION_LEVEL = 0;
				GCC_PREPROCESSOR_DEFINITIONS = (
					"DEBUG=1",
					"$(inherited)",
				);
				GCC_WARN_64_TO_32_BIT_CONVERSION = YES;
				GCC_WARN_ABOUT_RETURN_TYPE = YES_ERROR;
				GCC_WARN_UNDECLARED_SELECTOR = YES;
				GCC_WARN_UNINITIALIZED_AUTOS = YES_AGGRESSIVE;
				GCC_WARN_UNUSED_FUNCTION = YES;
				GCC_WARN_UNUSED_VARIABLE = YES;
				IPHONEOS_DEPLOYMENT_TARGET = 13.0;
				MTL_ENABLE_DEBUG_INFO = INCLUDE_SOURCE;
				MTL_FAST_MATH = YES;
				ONLY_ACTIVE_ARCH = YES;
				SDKROOT = iphoneos;
				SWIFT_ACTIVE_COMPILATION_CONDITIONS = DEBUG;
				SWIFT_OPTIMIZATION_LEVEL = "-Onone";
			};
			name = Debug;
		};
		CA9AAFF527F33D61007CE5E6 /* Release */ = {
			isa = XCBuildConfiguration;
			buildSettings = {
				ALWAYS_SEARCH_USER_PATHS = NO;
				CLANG_ANALYZER_NONNULL = YES;
				CLANG_ANALYZER_NUMBER_OBJECT_CONVERSION = YES_AGGRESSIVE;
				CLANG_CXX_LANGUAGE_STANDARD = "gnu++17";
				CLANG_ENABLE_MODULES = YES;
				CLANG_ENABLE_OBJC_ARC = YES;
				CLANG_ENABLE_OBJC_WEAK = YES;
				CLANG_WARN_BLOCK_CAPTURE_AUTORELEASING = YES;
				CLANG_WARN_BOOL_CONVERSION = YES;
				CLANG_WARN_COMMA = YES;
				CLANG_WARN_CONSTANT_CONVERSION = YES;
				CLANG_WARN_DEPRECATED_OBJC_IMPLEMENTATIONS = YES;
				CLANG_WARN_DIRECT_OBJC_ISA_USAGE = YES_ERROR;
				CLANG_WARN_DOCUMENTATION_COMMENTS = YES;
				CLANG_WARN_EMPTY_BODY = YES;
				CLANG_WARN_ENUM_CONVERSION = YES;
				CLANG_WARN_INFINITE_RECURSION = YES;
				CLANG_WARN_INT_CONVERSION = YES;
				CLANG_WARN_NON_LITERAL_NULL_CONVERSION = YES;
				CLANG_WARN_OBJC_IMPLICIT_RETAIN_SELF = YES;
				CLANG_WARN_OBJC_LITERAL_CONVERSION = YES;
				CLANG_WARN_OBJC_ROOT_CLASS = YES_ERROR;
				CLANG_WARN_QUOTED_INCLUDE_IN_FRAMEWORK_HEADER = YES;
				CLANG_WARN_RANGE_LOOP_ANALYSIS = YES;
				CLANG_WARN_STRICT_PROTOTYPES = YES;
				CLANG_WARN_SUSPICIOUS_MOVE = YES;
				CLANG_WARN_UNGUARDED_AVAILABILITY = YES_AGGRESSIVE;
				CLANG_WARN_UNREACHABLE_CODE = YES;
				CLANG_WARN__DUPLICATE_METHOD_MATCH = YES;
				COPY_PHASE_STRIP = NO;
				DEBUG_INFORMATION_FORMAT = "dwarf-with-dsym";
				ENABLE_NS_ASSERTIONS = NO;
				ENABLE_STRICT_OBJC_MSGSEND = YES;
				GCC_C_LANGUAGE_STANDARD = gnu11;
				GCC_NO_COMMON_BLOCKS = YES;
				GCC_WARN_64_TO_32_BIT_CONVERSION = YES;
				GCC_WARN_ABOUT_RETURN_TYPE = YES_ERROR;
				GCC_WARN_UNDECLARED_SELECTOR = YES;
				GCC_WARN_UNINITIALIZED_AUTOS = YES_AGGRESSIVE;
				GCC_WARN_UNUSED_FUNCTION = YES;
				GCC_WARN_UNUSED_VARIABLE = YES;
				IPHONEOS_DEPLOYMENT_TARGET = 13.0;
				MTL_ENABLE_DEBUG_INFO = NO;
				MTL_FAST_MATH = YES;
				SDKROOT = iphoneos;
				SWIFT_COMPILATION_MODE = wholemodule;
				SWIFT_OPTIMIZATION_LEVEL = "-O";
				VALIDATE_PRODUCT = YES;
			};
			name = Release;
		};
		CA9AAFF727F33D61007CE5E6 /* Debug */ = {
			isa = XCBuildConfiguration;
			buildSettings = {
				ASSETCATALOG_COMPILER_APPICON_NAME = AppIcon;
				ASSETCATALOG_COMPILER_GLOBAL_ACCENT_COLOR_NAME = AccentColor;
				CODE_SIGN_STYLE = Automatic;
				CURRENT_PROJECT_VERSION = 1;
				DEVELOPMENT_TEAM = UN2K8CY256;
				GENERATE_INFOPLIST_FILE = YES;
				INFOPLIST_FILE = PracticeTableViewController/Info.plist;
				INFOPLIST_KEY_UIApplicationSupportsIndirectInputEvents = YES;
				INFOPLIST_KEY_UILaunchStoryboardName = LaunchScreen;
				INFOPLIST_KEY_UIMainStoryboardFile = Main;
				INFOPLIST_KEY_UISupportedInterfaceOrientations = "UIInterfaceOrientationPortrait UIInterfaceOrientationPortraitUpsideDown";
				INFOPLIST_KEY_UISupportedInterfaceOrientations_iPad = "UIInterfaceOrientationPortrait UIInterfaceOrientationPortraitUpsideDown UIInterfaceOrientationLandscapeLeft UIInterfaceOrientationLandscapeRight";
				INFOPLIST_KEY_UISupportedInterfaceOrientations_iPhone = "UIInterfaceOrientationPortrait UIInterfaceOrientationLandscapeLeft UIInterfaceOrientationLandscapeRight";
				LD_RUNPATH_SEARCH_PATHS = (
					"$(inherited)",
					"@executable_path/Frameworks",
				);
				MARKETING_VERSION = 1.0;
				PRODUCT_BUNDLE_IDENTIFIER = com.bene.PracticeTableViewController;
				PRODUCT_NAME = "$(TARGET_NAME)";
				SWIFT_EMIT_LOC_STRINGS = YES;
				SWIFT_VERSION = 5.0;
				TARGETED_DEVICE_FAMILY = "1,2";
			};
			name = Debug;
		};
		CA9AAFF827F33D61007CE5E6 /* Release */ = {
			isa = XCBuildConfiguration;
			buildSettings = {
				ASSETCATALOG_COMPILER_APPICON_NAME = AppIcon;
				ASSETCATALOG_COMPILER_GLOBAL_ACCENT_COLOR_NAME = AccentColor;
				CODE_SIGN_STYLE = Automatic;
				CURRENT_PROJECT_VERSION = 1;
				DEVELOPMENT_TEAM = UN2K8CY256;
				GENERATE_INFOPLIST_FILE = YES;
				INFOPLIST_FILE = PracticeTableViewController/Info.plist;
				INFOPLIST_KEY_UIApplicationSupportsIndirectInputEvents = YES;
				INFOPLIST_KEY_UILaunchStoryboardName = LaunchScreen;
				INFOPLIST_KEY_UIMainStoryboardFile = Main;
				INFOPLIST_KEY_UISupportedInterfaceOrientations = "UIInterfaceOrientationPortrait UIInterfaceOrientationPortraitUpsideDown";
				INFOPLIST_KEY_UISupportedInterfaceOrientations_iPad = "UIInterfaceOrientationPortrait UIInterfaceOrientationPortraitUpsideDown UIInterfaceOrientationLandscapeLeft UIInterfaceOrientationLandscapeRight";
				INFOPLIST_KEY_UISupportedInterfaceOrientations_iPhone = "UIInterfaceOrientationPortrait UIInterfaceOrientationLandscapeLeft UIInterfaceOrientationLandscapeRight";
				LD_RUNPATH_SEARCH_PATHS = (
					"$(inherited)",
					"@executable_path/Frameworks",
				);
				MARKETING_VERSION = 1.0;
				PRODUCT_BUNDLE_IDENTIFIER = com.bene.PracticeTableViewController;
				PRODUCT_NAME = "$(TARGET_NAME)";
				SWIFT_EMIT_LOC_STRINGS = YES;
				SWIFT_VERSION = 5.0;
				TARGETED_DEVICE_FAMILY = "1,2";
			};
			name = Release;
		};
/* End XCBuildConfiguration section */

/* Begin XCConfigurationList section */
		CA9AAFDD27F33D5F007CE5E6 /* Build configuration list for PBXProject "PracticeTableViewController" */ = {
			isa = XCConfigurationList;
			buildConfigurations = (
				CA9AAFF427F33D61007CE5E6 /* Debug */,
				CA9AAFF527F33D61007CE5E6 /* Release */,
			);
			defaultConfigurationIsVisible = 0;
			defaultConfigurationName = Release;
		};
		CA9AAFF627F33D61007CE5E6 /* Build configuration list for PBXNativeTarget "PracticeTableViewController" */ = {
			isa = XCConfigurationList;
			buildConfigurations = (
				CA9AAFF727F33D61007CE5E6 /* Debug */,
				CA9AAFF827F33D61007CE5E6 /* Release */,
			);
			defaultConfigurationIsVisible = 0;
			defaultConfigurationName = Release;
		};
/* End XCConfigurationList section */
	};
	rootObject = CA9AAFDA27F33D5F007CE5E6 /* Project object */;
}
