// !$*UTF8*$!
{
	archiveVersion = 1;
	classes = {
	};
	objectVersion = 55;
	objects = {

/* Begin PBXBuildFile section */
		CA9AB01027F41135007CE5E6 /* AppDelegate.swift in Sources */ = {isa = PBXBuildFile; fileRef = CA9AB00F27F41135007CE5E6 /* AppDelegate.swift */; };
		CA9AB01227F41135007CE5E6 /* SceneDelegate.swift in Sources */ = {isa = PBXBuildFile; fileRef = CA9AB01127F41135007CE5E6 /* SceneDelegate.swift */; };
		CA9AB01927F41137007CE5E6 /* Assets.xcassets in Resources */ = {isa = PBXBuildFile; fileRef = CA9AB01827F41137007CE5E6 /* Assets.xcassets */; };
		CA9AB01C27F41137007CE5E6 /* LaunchScreen.storyboard in Resources */ = {isa = PBXBuildFile; fileRef = CA9AB01A27F41137007CE5E6 /* LaunchScreen.storyboard */; };
		CA9AB02427F4137D007CE5E6 /* ToDoListViewController.swift in Sources */ = {isa = PBXBuildFile; fileRef = CA9AB02327F4137D007CE5E6 /* ToDoListViewController.swift */; };
		CA9AB02727F4138E007CE5E6 /* ToDoListView.swift in Sources */ = {isa = PBXBuildFile; fileRef = CA9AB02627F4138E007CE5E6 /* ToDoListView.swift */; };
		CA9AB02A27F413A3007CE5E6 /* ViewPresentable.swift in Sources */ = {isa = PBXBuildFile; fileRef = CA9AB02927F413A3007CE5E6 /* ViewPresentable.swift */; };
		CA9AB02D27F41AF2007CE5E6 /* Then in Frameworks */ = {isa = PBXBuildFile; productRef = CA9AB02C27F41AF2007CE5E6 /* Then */; };
		CA9AB03027F41B01007CE5E6 /* SnapKit in Frameworks */ = {isa = PBXBuildFile; productRef = CA9AB02F27F41B01007CE5E6 /* SnapKit */; };
		CA9AB03327F425AD007CE5E6 /* ToDo.swift in Sources */ = {isa = PBXBuildFile; fileRef = CA9AB03227F425AD007CE5E6 /* ToDo.swift */; };
		CA9AB03827F4291D007CE5E6 /* ToDoTableViewCell.swift in Sources */ = {isa = PBXBuildFile; fileRef = CA9AB03727F4291D007CE5E6 /* ToDoTableViewCell.swift */; };
		CA9AB03B27F429F3007CE5E6 /* UITableViewCell+Extension.swift in Sources */ = {isa = PBXBuildFile; fileRef = CA9AB03A27F429F3007CE5E6 /* UITableViewCell+Extension.swift */; };
		CA9AB03D27F42A06007CE5E6 /* ReusableView.swift in Sources */ = {isa = PBXBuildFile; fileRef = CA9AB03C27F42A06007CE5E6 /* ReusableView.swift */; };
		CA9AB03F27F42A49007CE5E6 /* UITableViewCellRepresentable.swift in Sources */ = {isa = PBXBuildFile; fileRef = CA9AB03E27F42A49007CE5E6 /* UITableViewCellRepresentable.swift */; };
/* End PBXBuildFile section */

/* Begin PBXFileReference section */
		CA9AB00C27F41135007CE5E6 /* ToDoList.app */ = {isa = PBXFileReference; explicitFileType = wrapper.application; includeInIndex = 0; path = ToDoList.app; sourceTree = BUILT_PRODUCTS_DIR; };
		CA9AB00F27F41135007CE5E6 /* AppDelegate.swift */ = {isa = PBXFileReference; lastKnownFileType = sourcecode.swift; path = AppDelegate.swift; sourceTree = "<group>"; };
		CA9AB01127F41135007CE5E6 /* SceneDelegate.swift */ = {isa = PBXFileReference; lastKnownFileType = sourcecode.swift; path = SceneDelegate.swift; sourceTree = "<group>"; };
		CA9AB01827F41137007CE5E6 /* Assets.xcassets */ = {isa = PBXFileReference; lastKnownFileType = folder.assetcatalog; path = Assets.xcassets; sourceTree = "<group>"; };
		CA9AB01B27F41137007CE5E6 /* Base */ = {isa = PBXFileReference; lastKnownFileType = file.storyboard; name = Base; path = Base.lproj/LaunchScreen.storyboard; sourceTree = "<group>"; };
		CA9AB01D27F41137007CE5E6 /* Info.plist */ = {isa = PBXFileReference; lastKnownFileType = text.plist.xml; path = Info.plist; sourceTree = "<group>"; };
		CA9AB02327F4137D007CE5E6 /* ToDoListViewController.swift */ = {isa = PBXFileReference; lastKnownFileType = sourcecode.swift; path = ToDoListViewController.swift; sourceTree = "<group>"; };
		CA9AB02627F4138E007CE5E6 /* ToDoListView.swift */ = {isa = PBXFileReference; lastKnownFileType = sourcecode.swift; path = ToDoListView.swift; sourceTree = "<group>"; };
		CA9AB02927F413A3007CE5E6 /* ViewPresentable.swift */ = {isa = PBXFileReference; lastKnownFileType = sourcecode.swift; path = ViewPresentable.swift; sourceTree = "<group>"; };
		CA9AB03227F425AD007CE5E6 /* ToDo.swift */ = {isa = PBXFileReference; lastKnownFileType = sourcecode.swift; path = ToDo.swift; sourceTree = "<group>"; };
		CA9AB03727F4291D007CE5E6 /* ToDoTableViewCell.swift */ = {isa = PBXFileReference; lastKnownFileType = sourcecode.swift; path = ToDoTableViewCell.swift; sourceTree = "<group>"; };
		CA9AB03A27F429F3007CE5E6 /* UITableViewCell+Extension.swift */ = {isa = PBXFileReference; lastKnownFileType = sourcecode.swift; path = "UITableViewCell+Extension.swift"; sourceTree = "<group>"; };
		CA9AB03C27F42A06007CE5E6 /* ReusableView.swift */ = {isa = PBXFileReference; lastKnownFileType = sourcecode.swift; path = ReusableView.swift; sourceTree = "<group>"; };
		CA9AB03E27F42A49007CE5E6 /* UITableViewCellRepresentable.swift */ = {isa = PBXFileReference; lastKnownFileType = sourcecode.swift; path = UITableViewCellRepresentable.swift; sourceTree = "<group>"; };
/* End PBXFileReference section */

/* Begin PBXFrameworksBuildPhase section */
		CA9AB00927F41135007CE5E6 /* Frameworks */ = {
			isa = PBXFrameworksBuildPhase;
			buildActionMask = 2147483647;
			files = (
				CA9AB02D27F41AF2007CE5E6 /* Then in Frameworks */,
				CA9AB03027F41B01007CE5E6 /* SnapKit in Frameworks */,
			);
			runOnlyForDeploymentPostprocessing = 0;
		};
/* End PBXFrameworksBuildPhase section */

/* Begin PBXGroup section */
		CA9AB00327F41135007CE5E6 = {
			isa = PBXGroup;
			children = (
				CA9AB00E27F41135007CE5E6 /* ToDoList */,
				CA9AB00D27F41135007CE5E6 /* Products */,
			);
			sourceTree = "<group>";
		};
		CA9AB00D27F41135007CE5E6 /* Products */ = {
			isa = PBXGroup;
			children = (
				CA9AB00C27F41135007CE5E6 /* ToDoList.app */,
			);
			name = Products;
			sourceTree = "<group>";
		};
		CA9AB00E27F41135007CE5E6 /* ToDoList */ = {
			isa = PBXGroup;
			children = (
				CA9AB03927F429E7007CE5E6 /* Extension */,
				CA9AB03427F428FC007CE5E6 /* Cell */,
				CA9AB03127F4258B007CE5E6 /* Model */,
				CA9AB02827F41394007CE5E6 /* Protocol */,
				CA9AB02527F41381007CE5E6 /* View */,
				CA9AB00F27F41135007CE5E6 /* AppDelegate.swift */,
				CA9AB01127F41135007CE5E6 /* SceneDelegate.swift */,
				CA9AB01827F41137007CE5E6 /* Assets.xcassets */,
				CA9AB01A27F41137007CE5E6 /* LaunchScreen.storyboard */,
				CA9AB01D27F41137007CE5E6 /* Info.plist */,
			);
			path = ToDoList;
			sourceTree = "<group>";
		};
		CA9AB02527F41381007CE5E6 /* View */ = {
			isa = PBXGroup;
			children = (
				CA9AB02327F4137D007CE5E6 /* ToDoListViewController.swift */,
				CA9AB02627F4138E007CE5E6 /* ToDoListView.swift */,
			);
			path = View;
			sourceTree = "<group>";
		};
		CA9AB02827F41394007CE5E6 /* Protocol */ = {
			isa = PBXGroup;
			children = (
				CA9AB02927F413A3007CE5E6 /* ViewPresentable.swift */,
				CA9AB03C27F42A06007CE5E6 /* ReusableView.swift */,
				CA9AB03E27F42A49007CE5E6 /* UITableViewCellRepresentable.swift */,
			);
			path = Protocol;
			sourceTree = "<group>";
		};
		CA9AB03127F4258B007CE5E6 /* Model */ = {
			isa = PBXGroup;
			children = (
				CA9AB03227F425AD007CE5E6 /* ToDo.swift */,
			);
			path = Model;
			sourceTree = "<group>";
		};
		CA9AB03427F428FC007CE5E6 /* Cell */ = {
			isa = PBXGroup;
			children = (
				CA9AB03727F4291D007CE5E6 /* ToDoTableViewCell.swift */,
			);
			path = Cell;
			sourceTree = "<group>";
		};
		CA9AB03927F429E7007CE5E6 /* Extension */ = {
			isa = PBXGroup;
			children = (
				CA9AB03A27F429F3007CE5E6 /* UITableViewCell+Extension.swift */,
			);
			path = Extension;
			sourceTree = "<group>";
		};
/* End PBXGroup section */

/* Begin PBXNativeTarget section */
		CA9AB00B27F41135007CE5E6 /* ToDoList */ = {
			isa = PBXNativeTarget;
			buildConfigurationList = CA9AB02027F41137007CE5E6 /* Build configuration list for PBXNativeTarget "ToDoList" */;
			buildPhases = (
				CA9AB00827F41135007CE5E6 /* Sources */,
				CA9AB00927F41135007CE5E6 /* Frameworks */,
				CA9AB00A27F41135007CE5E6 /* Resources */,
			);
			buildRules = (
			);
			dependencies = (
			);
			name = ToDoList;
			packageProductDependencies = (
				CA9AB02C27F41AF2007CE5E6 /* Then */,
				CA9AB02F27F41B01007CE5E6 /* SnapKit */,
			);
			productName = ShoppingList;
			productReference = CA9AB00C27F41135007CE5E6 /* ToDoList.app */;
			productType = "com.apple.product-type.application";
		};
/* End PBXNativeTarget section */

/* Begin PBXProject section */
		CA9AB00427F41135007CE5E6 /* Project object */ = {
			isa = PBXProject;
			attributes = {
				BuildIndependentTargetsInParallel = 1;
				LastSwiftUpdateCheck = 1330;
				LastUpgradeCheck = 1330;
				TargetAttributes = {
					CA9AB00B27F41135007CE5E6 = {
						CreatedOnToolsVersion = 13.3;
					};
				};
			};
			buildConfigurationList = CA9AB00727F41135007CE5E6 /* Build configuration list for PBXProject "ToDoList" */;
			compatibilityVersion = "Xcode 13.0";
			developmentRegion = en;
			hasScannedForEncodings = 0;
			knownRegions = (
				en,
				Base,
			);
			mainGroup = CA9AB00327F41135007CE5E6;
			packageReferences = (
				CA9AB02B27F41AF2007CE5E6 /* XCRemoteSwiftPackageReference "Then" */,
				CA9AB02E27F41B01007CE5E6 /* XCRemoteSwiftPackageReference "SnapKit" */,
			);
			productRefGroup = CA9AB00D27F41135007CE5E6 /* Products */;
			projectDirPath = "";
			projectRoot = "";
			targets = (
				CA9AB00B27F41135007CE5E6 /* ToDoList */,
			);
		};
/* End PBXProject section */

/* Begin PBXResourcesBuildPhase section */
		CA9AB00A27F41135007CE5E6 /* Resources */ = {
			isa = PBXResourcesBuildPhase;
			buildActionMask = 2147483647;
			files = (
				CA9AB01C27F41137007CE5E6 /* LaunchScreen.storyboard in Resources */,
				CA9AB01927F41137007CE5E6 /* Assets.xcassets in Resources */,
			);
			runOnlyForDeploymentPostprocessing = 0;
		};
/* End PBXResourcesBuildPhase section */

/* Begin PBXSourcesBuildPhase section */
		CA9AB00827F41135007CE5E6 /* Sources */ = {
			isa = PBXSourcesBuildPhase;
			buildActionMask = 2147483647;
			files = (
				CA9AB03D27F42A06007CE5E6 /* ReusableView.swift in Sources */,
				CA9AB03827F4291D007CE5E6 /* ToDoTableViewCell.swift in Sources */,
				CA9AB02727F4138E007CE5E6 /* ToDoListView.swift in Sources */,
				CA9AB02A27F413A3007CE5E6 /* ViewPresentable.swift in Sources */,
				CA9AB03B27F429F3007CE5E6 /* UITableViewCell+Extension.swift in Sources */,
				CA9AB01027F41135007CE5E6 /* AppDelegate.swift in Sources */,
				CA9AB03327F425AD007CE5E6 /* ToDo.swift in Sources */,
				CA9AB01227F41135007CE5E6 /* SceneDelegate.swift in Sources */,
				CA9AB03F27F42A49007CE5E6 /* UITableViewCellRepresentable.swift in Sources */,
				CA9AB02427F4137D007CE5E6 /* ToDoListViewController.swift in Sources */,
			);
			runOnlyForDeploymentPostprocessing = 0;
		};
/* End PBXSourcesBuildPhase section */

/* Begin PBXVariantGroup section */
		CA9AB01A27F41137007CE5E6 /* LaunchScreen.storyboard */ = {
			isa = PBXVariantGroup;
			children = (
				CA9AB01B27F41137007CE5E6 /* Base */,
			);
			name = LaunchScreen.storyboard;
			sourceTree = "<group>";
		};
/* End PBXVariantGroup section */

/* Begin XCBuildConfiguration section */
		CA9AB01E27F41137007CE5E6 /* Debug */ = {
			isa = XCBuildConfiguration;
			buildSettings = {
				ALWAYS_SEARCH_USER_PATHS = NO;
				CLANG_ANALYZER_NONNULL = YES;
				CLANG_ANALYZER_NUMBER_OBJECT_CONVERSION = YES_AGGRESSIVE;
				CLANG_CXX_LANGUAGE_STANDARD = "gnu++17";
				CLANG_ENABLE_MODULES = YES;
				CLANG_ENABLE_OBJC_ARC = YES;
				CLANG_ENABLE_OBJC_WEAK = YES;
				CLANG_WARN_BLOCK_CAPTURE_AUTORELEASING = YES;
				CLANG_WARN_BOOL_CONVERSION = YES;
				CLANG_WARN_COMMA = YES;
				CLANG_WARN_CONSTANT_CONVERSION = YES;
				CLANG_WARN_DEPRECATED_OBJC_IMPLEMENTATIONS = YES;
				CLANG_WARN_DIRECT_OBJC_ISA_USAGE = YES_ERROR;
				CLANG_WARN_DOCUMENTATION_COMMENTS = YES;
				CLANG_WARN_EMPTY_BODY = YES;
				CLANG_WARN_ENUM_CONVERSION = YES;
				CLANG_WARN_INFINITE_RECURSION = YES;
				CLANG_WARN_INT_CONVERSION = YES;
				CLANG_WARN_NON_LITERAL_NULL_CONVERSION = YES;
				CLANG_WARN_OBJC_IMPLICIT_RETAIN_SELF = YES;
				CLANG_WARN_OBJC_LITERAL_CONVERSION = YES;
				CLANG_WARN_OBJC_ROOT_CLASS = YES_ERROR;
				CLANG_WARN_QUOTED_INCLUDE_IN_FRAMEWORK_HEADER = YES;
				CLANG_WARN_RANGE_LOOP_ANALYSIS = YES;
				CLANG_WARN_STRICT_PROTOTYPES = YES;
				CLANG_WARN_SUSPICIOUS_MOVE = YES;
				CLANG_WARN_UNGUARDED_AVAILABILITY = YES_AGGRESSIVE;
				CLANG_WARN_UNREACHABLE_CODE = YES;
				CLANG_WARN__DUPLICATE_METHOD_MATCH = YES;
				COPY_PHASE_STRIP = NO;
				DEBUG_INFORMATION_FORMAT = dwarf;
				ENABLE_STRICT_OBJC_MSGSEND = YES;
				ENABLE_TESTABILITY = YES;
				GCC_C_LANGUAGE_STANDARD = gnu11;
				GCC_DYNAMIC_NO_PIC = NO;
				GCC_NO_COMMON_BLOCKS = YES;
				GCC_OPTIMIZATION_LEVEL = 0;
				GCC_PREPROCESSOR_DEFINITIONS = (
					"DEBUG=1",
					"$(inherited)",
				);
				GCC_WARN_64_TO_32_BIT_CONVERSION = YES;
				GCC_WARN_ABOUT_RETURN_TYPE = YES_ERROR;
				GCC_WARN_UNDECLARED_SELECTOR = YES;
				GCC_WARN_UNINITIALIZED_AUTOS = YES_AGGRESSIVE;
				GCC_WARN_UNUSED_FUNCTION = YES;
				GCC_WARN_UNUSED_VARIABLE = YES;
				IPHONEOS_DEPLOYMENT_TARGET = 13.0;
				MTL_ENABLE_DEBUG_INFO = INCLUDE_SOURCE;
				MTL_FAST_MATH = YES;
				ONLY_ACTIVE_ARCH = YES;
				SDKROOT = iphoneos;
				SWIFT_ACTIVE_COMPILATION_CONDITIONS = DEBUG;
				SWIFT_OPTIMIZATION_LEVEL = "-Onone";
			};
			name = Debug;
		};
		CA9AB01F27F41137007CE5E6 /* Release */ = {
			isa = XCBuildConfiguration;
			buildSettings = {
				ALWAYS_SEARCH_USER_PATHS = NO;
				CLANG_ANALYZER_NONNULL = YES;
				CLANG_ANALYZER_NUMBER_OBJECT_CONVERSION = YES_AGGRESSIVE;
				CLANG_CXX_LANGUAGE_STANDARD = "gnu++17";
				CLANG_ENABLE_MODULES = YES;
				CLANG_ENABLE_OBJC_ARC = YES;
				CLANG_ENABLE_OBJC_WEAK = YES;
				CLANG_WARN_BLOCK_CAPTURE_AUTORELEASING = YES;
				CLANG_WARN_BOOL_CONVERSION = YES;
				CLANG_WARN_COMMA = YES;
				CLANG_WARN_CONSTANT_CONVERSION = YES;
				CLANG_WARN_DEPRECATED_OBJC_IMPLEMENTATIONS = YES;
				CLANG_WARN_DIRECT_OBJC_ISA_USAGE = YES_ERROR;
				CLANG_WARN_DOCUMENTATION_COMMENTS = YES;
				CLANG_WARN_EMPTY_BODY = YES;
				CLANG_WARN_ENUM_CONVERSION = YES;
				CLANG_WARN_INFINITE_RECURSION = YES;
				CLANG_WARN_INT_CONVERSION = YES;
				CLANG_WARN_NON_LITERAL_NULL_CONVERSION = YES;
				CLANG_WARN_OBJC_IMPLICIT_RETAIN_SELF = YES;
				CLANG_WARN_OBJC_LITERAL_CONVERSION = YES;
				CLANG_WARN_OBJC_ROOT_CLASS = YES_ERROR;
				CLANG_WARN_QUOTED_INCLUDE_IN_FRAMEWORK_HEADER = YES;
				CLANG_WARN_RANGE_LOOP_ANALYSIS = YES;
				CLANG_WARN_STRICT_PROTOTYPES = YES;
				CLANG_WARN_SUSPICIOUS_MOVE = YES;
				CLANG_WARN_UNGUARDED_AVAILABILITY = YES_AGGRESSIVE;
				CLANG_WARN_UNREACHABLE_CODE = YES;
				CLANG_WARN__DUPLICATE_METHOD_MATCH = YES;
				COPY_PHASE_STRIP = NO;
				DEBUG_INFORMATION_FORMAT = "dwarf-with-dsym";
				ENABLE_NS_ASSERTIONS = NO;
				ENABLE_STRICT_OBJC_MSGSEND = YES;
				GCC_C_LANGUAGE_STANDARD = gnu11;
				GCC_NO_COMMON_BLOCKS = YES;
				GCC_WARN_64_TO_32_BIT_CONVERSION = YES;
				GCC_WARN_ABOUT_RETURN_TYPE = YES_ERROR;
				GCC_WARN_UNDECLARED_SELECTOR = YES;
				GCC_WARN_UNINITIALIZED_AUTOS = YES_AGGRESSIVE;
				GCC_WARN_UNUSED_FUNCTION = YES;
				GCC_WARN_UNUSED_VARIABLE = YES;
				IPHONEOS_DEPLOYMENT_TARGET = 13.0;
				MTL_ENABLE_DEBUG_INFO = NO;
				MTL_FAST_MATH = YES;
				SDKROOT = iphoneos;
				SWIFT_COMPILATION_MODE = wholemodule;
				SWIFT_OPTIMIZATION_LEVEL = "-O";
				VALIDATE_PRODUCT = YES;
			};
			name = Release;
		};
		CA9AB02127F41137007CE5E6 /* Debug */ = {
			isa = XCBuildConfiguration;
			buildSettings = {
				ASSETCATALOG_COMPILER_APPICON_NAME = AppIcon;
				ASSETCATALOG_COMPILER_GLOBAL_ACCENT_COLOR_NAME = AccentColor;
				CODE_SIGN_STYLE = Automatic;
				CURRENT_PROJECT_VERSION = 1;
				DEVELOPMENT_TEAM = UN2K8CY256;
				GENERATE_INFOPLIST_FILE = YES;
				INFOPLIST_FILE = ToDoList/Info.plist;
				INFOPLIST_KEY_UIApplicationSupportsIndirectInputEvents = YES;
				INFOPLIST_KEY_UILaunchStoryboardName = LaunchScreen;
				INFOPLIST_KEY_UISupportedInterfaceOrientations = "UIInterfaceOrientationPortrait UIInterfaceOrientationPortraitUpsideDown UIInterfaceOrientationLandscapeLeft UIInterfaceOrientationLandscapeRight";
				INFOPLIST_KEY_UISupportedInterfaceOrientations_iPad = "UIInterfaceOrientationPortrait UIInterfaceOrientationPortraitUpsideDown UIInterfaceOrientationLandscapeLeft UIInterfaceOrientationLandscapeRight";
				INFOPLIST_KEY_UISupportedInterfaceOrientations_iPhone = "UIInterfaceOrientationPortrait UIInterfaceOrientationLandscapeLeft UIInterfaceOrientationLandscapeRight";
				IPHONEOS_DEPLOYMENT_TARGET = 13.0;
				LD_RUNPATH_SEARCH_PATHS = (
					"$(inherited)",
					"@executable_path/Frameworks",
				);
				MARKETING_VERSION = 1.0;
				PRODUCT_BUNDLE_IDENTIFIER = com.bene.ToDoList;
				PRODUCT_NAME = "$(TARGET_NAME)";
				SWIFT_EMIT_LOC_STRINGS = YES;
				SWIFT_VERSION = 5.0;
				TARGETED_DEVICE_FAMILY = "1,2";
			};
			name = Debug;
		};
		CA9AB02227F41137007CE5E6 /* Release */ = {
			isa = XCBuildConfiguration;
			buildSettings = {
				ASSETCATALOG_COMPILER_APPICON_NAME = AppIcon;
				ASSETCATALOG_COMPILER_GLOBAL_ACCENT_COLOR_NAME = AccentColor;
				CODE_SIGN_STYLE = Automatic;
				CURRENT_PROJECT_VERSION = 1;
				DEVELOPMENT_TEAM = UN2K8CY256;
				GENERATE_INFOPLIST_FILE = YES;
				INFOPLIST_FILE = ToDoList/Info.plist;
				INFOPLIST_KEY_UIApplicationSupportsIndirectInputEvents = YES;
				INFOPLIST_KEY_UILaunchStoryboardName = LaunchScreen;
				INFOPLIST_KEY_UISupportedInterfaceOrientations = "UIInterfaceOrientationPortrait UIInterfaceOrientationPortraitUpsideDown UIInterfaceOrientationLandscapeLeft UIInterfaceOrientationLandscapeRight";
				INFOPLIST_KEY_UISupportedInterfaceOrientations_iPad = "UIInterfaceOrientationPortrait UIInterfaceOrientationPortraitUpsideDown UIInterfaceOrientationLandscapeLeft UIInterfaceOrientationLandscapeRight";
				INFOPLIST_KEY_UISupportedInterfaceOrientations_iPhone = "UIInterfaceOrientationPortrait UIInterfaceOrientationLandscapeLeft UIInterfaceOrientationLandscapeRight";
				IPHONEOS_DEPLOYMENT_TARGET = 13.0;
				LD_RUNPATH_SEARCH_PATHS = (
					"$(inherited)",
					"@executable_path/Frameworks",
				);
				MARKETING_VERSION = 1.0;
				PRODUCT_BUNDLE_IDENTIFIER = com.bene.ToDoList;
				PRODUCT_NAME = "$(TARGET_NAME)";
				SWIFT_EMIT_LOC_STRINGS = YES;
				SWIFT_VERSION = 5.0;
				TARGETED_DEVICE_FAMILY = "1,2";
			};
			name = Release;
		};
/* End XCBuildConfiguration section */

/* Begin XCConfigurationList section */
		CA9AB00727F41135007CE5E6 /* Build configuration list for PBXProject "ToDoList" */ = {
			isa = XCConfigurationList;
			buildConfigurations = (
				CA9AB01E27F41137007CE5E6 /* Debug */,
				CA9AB01F27F41137007CE5E6 /* Release */,
			);
			defaultConfigurationIsVisible = 0;
			defaultConfigurationName = Release;
		};
		CA9AB02027F41137007CE5E6 /* Build configuration list for PBXNativeTarget "ToDoList" */ = {
			isa = XCConfigurationList;
			buildConfigurations = (
				CA9AB02127F41137007CE5E6 /* Debug */,
				CA9AB02227F41137007CE5E6 /* Release */,
			);
			defaultConfigurationIsVisible = 0;
			defaultConfigurationName = Release;
		};
/* End XCConfigurationList section */

/* Begin XCRemoteSwiftPackageReference section */
		CA9AB02B27F41AF2007CE5E6 /* XCRemoteSwiftPackageReference "Then" */ = {
			isa = XCRemoteSwiftPackageReference;
			repositoryURL = "https://github.com/devxoul/Then";
			requirement = {
				branch = master;
				kind = branch;
			};
		};
		CA9AB02E27F41B01007CE5E6 /* XCRemoteSwiftPackageReference "SnapKit" */ = {
			isa = XCRemoteSwiftPackageReference;
			repositoryURL = "https://github.com/SnapKit/SnapKit";
			requirement = {
				branch = develop;
				kind = branch;
			};
		};
/* End XCRemoteSwiftPackageReference section */

/* Begin XCSwiftPackageProductDependency section */
		CA9AB02C27F41AF2007CE5E6 /* Then */ = {
			isa = XCSwiftPackageProductDependency;
			package = CA9AB02B27F41AF2007CE5E6 /* XCRemoteSwiftPackageReference "Then" */;
			productName = Then;
		};
		CA9AB02F27F41B01007CE5E6 /* SnapKit */ = {
			isa = XCSwiftPackageProductDependency;
			package = CA9AB02E27F41B01007CE5E6 /* XCRemoteSwiftPackageReference "SnapKit" */;
			productName = SnapKit;
		};
/* End XCSwiftPackageProductDependency section */
	};
	rootObject = CA9AB00427F41135007CE5E6 /* Project object */;
}
